
Microsoft Visual Studio Solution File, Format Version 12.00
# Visual Studio Version 17
VisualStudioVersion = 17.8.34511.84
MinimumVisualStudioVersion = 10.0.40219.1
Project("{9A19103F-16F7-4668-BE54-9A1E7A4F7556}") = "BuilderExercise", "Builder\BuilderExercise\BuilderExercise.csproj", "{AFBEB52F-470C-4171-866F-4E862C625DC9}"
EndProject
Project("{2150E333-8FDC-42A3-9474-1A3956D46DE8}") = "Builder", "Builder", "{D25D63D4-1233-420B-8A60-2668CC6589F0}"
EndProject
Project("{9A19103F-16F7-4668-BE54-9A1E7A4F7556}") = "FactedBuilder", "Builder\FactedBuilder\FactedBuilder.csproj", "{265FAFA9-5132-4E66-8DCE-7AC2F40E0E73}"
EndProject
Project("{9A19103F-16F7-4668-BE54-9A1E7A4F7556}") = "FluentBuilder", "Builder\FluentBuilder\FluentBuilder.csproj", "{F1241A35-1104-48D4-BD42-C8A67AB673C1}"
EndProject
Project("{9A19103F-16F7-4668-BE54-9A1E7A4F7556}") = "FluentBuilderInheritanceWithRecursion", "Builder\FluentBuilderInheritanceWithRecursion\FluentBuilderInheritanceWithRecursion.csproj", "{3B2727B8-0F21-4806-8B01-C27FD3DD71C0}"
EndProject
Project("{9A19103F-16F7-4668-BE54-9A1E7A4F7556}") = "FuncitonalBuilder", "Builder\FuncitonalBuilder\FuncitonalBuilder.csproj", "{8EF6A7BA-E7CF-4FB7-A180-C17ACD8D6615}"
EndProject
Project("{9A19103F-16F7-4668-BE54-9A1E7A4F7556}") = "StepWiseBuilder", "Builder\StepWiseBuilder\StepWiseBuilder.csproj", "{2D0F5684-58CC-4EEB-B751-A7F37CD1E5CF}"
EndProject
Project("{2150E333-8FDC-42A3-9474-1A3956D46DE8}") = "Factory", "Factory", "{4078F420-B6CD-440C-B336-4DCCE70F255A}"
EndProject
Project("{9A19103F-16F7-4668-BE54-9A1E7A4F7556}") = "AsyncchronousFactory", "Factory\AsyncchronousFactory\AsyncchronousFactory.csproj", "{AAB4C0FC-10F5-43BF-95B1-70CF9652AA12}"
EndProject
Project("{9A19103F-16F7-4668-BE54-9A1E7A4F7556}") = "AbstractFactory", "Factory\AbstractFactory\AbstractFactory.csproj", "{4FD69ECD-DFB2-409D-90D3-4C6D0B9B3D0B}"
EndProject
Project("{9A19103F-16F7-4668-BE54-9A1E7A4F7556}") = "FactoryExercise", "Factory\FactoryExercise\FactoryExercise.csproj", "{86394E5B-50E5-4317-857B-458D659CC945}"
EndProject
Project("{9A19103F-16F7-4668-BE54-9A1E7A4F7556}") = "Point", "Factory\Point\Point.csproj", "{336E76EB-D9EF-4B59-BDFE-05E15D7B3908}"
EndProject
Project("{9A19103F-16F7-4668-BE54-9A1E7A4F7556}") = "ThemeDemo", "Factory\ThemeDemo\ThemeDemo.csproj", "{0BA20011-7A71-4418-9BA2-BA1DF148377C}"
EndProject
Project("{9A19103F-16F7-4668-BE54-9A1E7A4F7556}") = "SingleResponsibilityPrinciple", "SOLID\SingleResponsibilityPrinciple.csproj", "{B911E499-E367-4F92-B13C-E12D367B0A99}"
EndProject
Project("{2150E333-8FDC-42A3-9474-1A3956D46DE8}") = "SOLID", "SOLID", "{12590663-01B7-4CEA-AD30-1D86FA01BCEC}"
EndProject
Project("{2150E333-8FDC-42A3-9474-1A3956D46DE8}") = "Prototype", "Prototype", "{29791D3F-F0E7-405B-8F13-B082DCE348DC}"
EndProject
Project("{9A19103F-16F7-4668-BE54-9A1E7A4F7556}") = "ICloneableDemo", "Prototype\ICloneableDemo\ICloneableDemo.csproj", "{079443E8-55EC-4F19-BA54-BF196A8E2651}"
EndProject
Project("{9A19103F-16F7-4668-BE54-9A1E7A4F7556}") = "PrototypeInheritance", "Prototype\PrototypeInheritance\PrototypeInheritance.csproj", "{88522233-54A1-4296-9BED-25FD4150793F}"
EndProject
Project("{9A19103F-16F7-4668-BE54-9A1E7A4F7556}") = "CopySerialization", "Prototype\CopySerialization\CopySerialization.csproj", "{2182157A-9400-494C-8A0B-F4AA51616099}"
EndProject
Project("{2150E333-8FDC-42A3-9474-1A3956D46DE8}") = "Singleton", "Singleton", "{6C8440C2-2D95-44D7-AA38-8D0CA428983B}"
EndProject
Project("{9A19103F-16F7-4668-BE54-9A1E7A4F7556}") = "SingletonImplementation", "Singleton\SingletonImplementation\SingletonImplementation.csproj", "{E895E54C-1494-4C29-A366-3D106AA941C0}"
EndProject
Project("{9A19103F-16F7-4668-BE54-9A1E7A4F7556}") = "Monostate", "Singleton\Monostate\Monostate.csproj", "{0F467726-6F38-46AF-B7EE-34E29AF78B3A}"
EndProject
Project("{9A19103F-16F7-4668-BE54-9A1E7A4F7556}") = "PerThreadSingleton", "Singleton\PerThreadSingleton\PerThreadSingleton.csproj", "{81F414FF-BEC2-4FB3-B026-59897F9B80D1}"
EndProject
Project("{9A19103F-16F7-4668-BE54-9A1E7A4F7556}") = "AmbientContext", "Singleton\AmbientContext\AmbientContext.csproj", "{19735670-7C92-4D1E-9767-905F5D00CD4C}"
EndProject
Project("{9A19103F-16F7-4668-BE54-9A1E7A4F7556}") = "Line2PointAdapter", "Adapter\Line2PointAdapter\Line2PointAdapter.csproj", "{E124A049-E5D3-4400-974F-599B1A4B0978}"
EndProject
Project("{2150E333-8FDC-42A3-9474-1A3956D46DE8}") = "Adapter", "Adapter", "{DA6ACF91-97B7-4059-AD10-2211A6F4B90E}"
EndProject
Project("{9A19103F-16F7-4668-BE54-9A1E7A4F7556}") = "Line2PointAdapterWithCache", "Adapter\Line2PointAdapterWithCache\Line2PointAdapterWithCache.csproj", "{68C66B28-EAAC-458E-BE14-7A892C87160D}"
EndProject
Project("{9A19103F-16F7-4668-BE54-9A1E7A4F7556}") = "GenericValueAdapter", "Adapter\GenericValueAdapter\GenericValueAdapter.csproj", "{F8FE9371-B1C4-4E09-A5FC-97D79BE15E57}"
EndProject
Project("{9A19103F-16F7-4668-BE54-9A1E7A4F7556}") = "AdapterInDI", "Adapter\AdapterInDI\AdapterInDI.csproj", "{9A4D1CA2-E4BB-40A9-9FAE-8F304B5266CA}"
EndProject
Project("{2150E333-8FDC-42A3-9474-1A3956D46DE8}") = "Bridge", "Bridge", "{9760BF34-2EAA-4ECB-9CB1-D0A3E6F38025}"
EndProject
Project("{2150E333-8FDC-42A3-9474-1A3956D46DE8}") = "Composite", "Composite", "{2B5328A4-1336-4219-AEB3-A376A275896D}"
EndProject
Project("{9A19103F-16F7-4668-BE54-9A1E7A4F7556}") = "GeometricShapes", "Composite\GeometricShapes\GeometricShapes.csproj", "{17A4BC06-F6A9-40EC-8A8C-D2C5AB3858CB}"
EndProject
Project("{9A19103F-16F7-4668-BE54-9A1E7A4F7556}") = "NeuralNetworks", "Composite\NeuralNetworks\NeuralNetworks.csproj", "{427A8829-BF39-4E0A-B5BE-99A0E3DFD79B}"
EndProject
Project("{2150E333-8FDC-42A3-9474-1A3956D46DE8}") = "Decorator", "Decorator", "{A5205FDA-3CED-495E-BAC1-86C1A928FEA0}"
EndProject
Project("{9A19103F-16F7-4668-BE54-9A1E7A4F7556}") = "CustomStringBuilder", "Decorator\CustomStringBuilder\CustomStringBuilder.csproj", "{2FA061C3-7DAA-4827-A779-9473A46C5EB7}"
EndProject
Project("{9A19103F-16F7-4668-BE54-9A1E7A4F7556}") = "AdapterDecorator", "Decorator\AdapterDecorator\AdapterDecorator.csproj", "{A9999C0F-CFA8-4C4A-836F-FDEB19032858}"
EndProject
Project("{9A19103F-16F7-4668-BE54-9A1E7A4F7556}") = "MultipleInheritance", "Decorator\MultipleInheritance\MultipleInheritance.csproj", "{215443C5-2260-4EB6-9548-F0A8DEDC57BC}"
EndProject
Project("{9A19103F-16F7-4668-BE54-9A1E7A4F7556}") = "DynamicDecorator", "Decorator\DynamicDecorator\DynamicDecorator.csproj", "{CADEF834-8C14-4FA6-96A6-77D71A38AE11}"
EndProject
Project("{9A19103F-16F7-4668-BE54-9A1E7A4F7556}") = "CycleDetection", "Decorator\CycleDetection\CycleDetection.csproj", "{4D8A655E-F3B9-45DA-B06D-66F3E62FF0C8}"
EndProject
Project("{9A19103F-16F7-4668-BE54-9A1E7A4F7556}") = "DecoratorInDI", "Decorator\DecoratorInDI\DecoratorInDI.csproj", "{56377A34-8380-466A-8CD1-4883AA95D40B}"
EndProject
Project("{2150E333-8FDC-42A3-9474-1A3956D46DE8}") = "Flyweight", "Flyweight", "{3364CE32-EAD7-4F27-8286-70E76E6BDC0D}"
EndProject
Project("{9A19103F-16F7-4668-BE54-9A1E7A4F7556}") = "RepeatUsernames", "Flyweight\RepeatUsernames\RepeatUsernames.csproj", "{0661DC25-DC96-4105-B3BE-A9F400611442}"
EndProject
Project("{9A19103F-16F7-4668-BE54-9A1E7A4F7556}") = "TextFormatting", "Flyweight\TextFormatting\TextFormatting.csproj", "{2216F7A3-D6B0-4055-9834-E843758F7F00}"
EndProject
Project("{2150E333-8FDC-42A3-9474-1A3956D46DE8}") = "Proxy", "Proxy", "{25E5FE24-D5E1-4639-8E89-AEB07B51463B}"
EndProject
Project("{9A19103F-16F7-4668-BE54-9A1E7A4F7556}") = "ProtectionProxy", "Proxy\ProtectionProxy\ProtectionProxy.csproj", "{EAF3E0FD-8274-4F84-9A37-7E4B7F5790AB}"
EndProject
Project("{9A19103F-16F7-4668-BE54-9A1E7A4F7556}") = "PropertyProxy", "Proxy\PropertyProxy\PropertyProxy.csproj", "{F1DAE701-20E1-4ADD-B8A2-AB46B1DCEAF0}"
EndProject
Project("{9A19103F-16F7-4668-BE54-9A1E7A4F7556}") = "CompositeProxy", "Proxy\CompositeProxy\CompositeProxy.csproj", "{482A0769-0014-4171-8F67-39E3BCBC53B3}"
EndProject
Project("{9A19103F-16F7-4668-BE54-9A1E7A4F7556}") = "ValueProxy", "Proxy\ValueProxy\ValueProxy.csproj", "{B02AC544-F12B-40FC-91D5-A5CC1DA4D940}"
EndProject
Project("{9A19103F-16F7-4668-BE54-9A1E7A4F7556}") = "CompositeProxyWithArrayBackedProperties", "Proxy\CompositeProxyWithArrayBackedProperties\CompositeProxyWithArrayBackedProperties.csproj", "{F3DB43C3-28E2-4344-AB93-01FCCEAB6181}"
EndProject
Project("{9A19103F-16F7-4668-BE54-9A1E7A4F7556}") = "DynamitProxy", "Proxy\DynamitProxy\DynamitProxy.csproj", "{BCF2A2B9-1B7B-4B95-92C9-DFD3FBCD747B}"
EndProject
Project("{9A19103F-16F7-4668-BE54-9A1E7A4F7556}") = "ViewModel", "Proxy\ViewModel\ViewModel.csproj", "{0C1FEBF4-DA20-4051-AC9F-7A02D0161B21}"
EndProject
Project("{9A19103F-16F7-4668-BE54-9A1E7A4F7556}") = "BitFragging", "Proxy\BitFragging\BitFragging.csproj", "{8CBEA99C-63DC-4F47-984B-0D98145716E0}"
EndProject
Project("{9A19103F-16F7-4668-BE54-9A1E7A4F7556}") = "Bridge", "Bridge\Bridge\Bridge.csproj", "{9FE6F9CC-723D-4B6A-BEFD-0898AD15B90E}"
EndProject
Project("{2150E333-8FDC-42A3-9474-1A3956D46DE8}") = "ChainOfResponsibility", "ChainOfResponsibility", "{22A8FD83-B044-4696-8717-5F8827397CD6}"
EndProject
Project("{9A19103F-16F7-4668-BE54-9A1E7A4F7556}") = "MethodChain", "ChainOfResponsibility\MethodChain\MethodChain.csproj", "{B78EA048-F6B9-40E1-A1DE-BDA16F9613B2}"
EndProject
Project("{9A19103F-16F7-4668-BE54-9A1E7A4F7556}") = "BrokerChain", "ChainOfResponsibility\BrokerChain\BrokerChain.csproj", "{44E8BF2A-C17C-460D-A60B-E9244F143D41}"
EndProject
Project("{2150E333-8FDC-42A3-9474-1A3956D46DE8}") = "Command", "Command", "{128E6B11-208B-42B0-BF8E-E55194493051}"
EndProject
Project("{9A19103F-16F7-4668-BE54-9A1E7A4F7556}") = "CommandDemo", "Command\CommandDemo\CommandDemo.csproj", "{232BDE93-4421-43E5-8363-26070C257751}"
EndProject
Project("{9A19103F-16F7-4668-BE54-9A1E7A4F7556}") = "CompositeCommand", "Command\CompositeCommand\CompositeCommand.csproj", "{902A33B4-8A2F-431F-BC65-6683F74DA522}"
EndProject
Project("{2150E333-8FDC-42A3-9474-1A3956D46DE8}") = "Interpreter", "Interpreter", "{0DA058F0-5936-4368-A45C-82A8CAFA4BC3}"
EndProject
Project("{9A19103F-16F7-4668-BE54-9A1E7A4F7556}") = "Handmade", "Interpreter\Handmade\Handmade.csproj", "{4659E6AF-FFAB-4031-9CF4-566C172B3684}"
EndProject
Project("{2150E333-8FDC-42A3-9474-1A3956D46DE8}") = "Iterator", "Iterator", "{9C82E0B7-2F51-4C8A-A841-6E689D6331D2}"
EndProject
Project("{9A19103F-16F7-4668-BE54-9A1E7A4F7556}") = "TreeTraversal", "Iterator\TreeTraversal\TreeTraversal.csproj", "{94BD5681-2FF6-420A-B5F7-3B38B97B10FB}"
EndProject
Project("{9A19103F-16F7-4668-BE54-9A1E7A4F7556}") = "ArrayBackProperties", "Iterator\ArrayBackProperties\ArrayBackProperties.csproj", "{D896B2B8-34BE-4B2E-AD08-2DA6E27E8332}"
EndProject
Project("{2150E333-8FDC-42A3-9474-1A3956D46DE8}") = "Mediator", "Mediator", "{9A61B082-F340-41B7-BB77-5FBE79AFFA85}"
EndProject
Project("{9A19103F-16F7-4668-BE54-9A1E7A4F7556}") = "ChatRoom", "Mediator\ChatRoom\ChatRoom.csproj", "{45A0FC0E-DB25-4340-ABED-685C8CE7BD11}"
EndProject
Project("{9A19103F-16F7-4668-BE54-9A1E7A4F7556}") = "RxEventBroker", "Mediator\RxEventBroker\RxEventBroker.csproj", "{D8CCAC58-B039-4D25-A262-23E44EBE08DD}"
EndProject
Project("{2150E333-8FDC-42A3-9474-1A3956D46DE8}") = "Momento", "Momento", "{AFDC2A4C-B1E9-422F-9EB9-ABAC6FE9C629}"
EndProject
Project("{9A19103F-16F7-4668-BE54-9A1E7A4F7556}") = "MomentoDemo", "Momento\MomentoDemo\MomentoDemo.csproj", "{C3E3927C-FA65-432C-9C35-B5AEF028ACEE}"
EndProject
Project("{9A19103F-16F7-4668-BE54-9A1E7A4F7556}") = "RedoUndo", "Momento\RedoUndo\RedoUndo.csproj", "{E23140E2-3106-4544-B4C7-7D26A51F2D45}"
EndProject
Project("{2150E333-8FDC-42A3-9474-1A3956D46DE8}") = "NullObject", "NullObject", "{C2E7ACCB-E206-4CB0-A6A5-C8ACE5D47D3E}"
EndProject
Project("{9A19103F-16F7-4668-BE54-9A1E7A4F7556}") = "NullObjectDemo", "NullObject\NullObjectDemo\NullObjectDemo.csproj", "{8C349676-E03E-4C78-B35F-99ADA7AC228F}"
EndProject
Project("{9A19103F-16F7-4668-BE54-9A1E7A4F7556}") = "NullObjectSingleton", "NullObject\NullObjectSingleton\NullObjectSingleton.csproj", "{B5525ECE-3417-4A05-880D-46BFBDBC0D30}"
EndProject
Project("{2150E333-8FDC-42A3-9474-1A3956D46DE8}") = "Observer", "Observer", "{89A06CF1-B582-4891-A9D3-54B821A530F4}"
EndProject
Project("{9A19103F-16F7-4668-BE54-9A1E7A4F7556}") = "Events", "Observer\Events\Events.csproj", "{E5702C4C-E0B4-422C-ABB7-A0D90B5D9A67}"
EndProject
Project("{9A19103F-16F7-4668-BE54-9A1E7A4F7556}") = "WeakEventPatten", "Observer\WeakEventPatten\WeakEventPatten.csproj", "{09D6DB04-15C8-42F7-96E1-4D8D8C88CA0C}"
EndProject
Project("{9A19103F-16F7-4668-BE54-9A1E7A4F7556}") = "ObserverInterface", "Observer\ObserverInterface\ObserverInterface.csproj", "{B95281CC-4E16-48AB-8791-8CEBA07AA8CA}"
EndProject
Project("{9A19103F-16F7-4668-BE54-9A1E7A4F7556}") = "ObserverPattern", "Observer\ObserverPattern\ObserverPattern.csproj", "{CE53B7E6-778D-4714-8F28-DE11C48AAE56}"
EndProject
Project("{9A19103F-16F7-4668-BE54-9A1E7A4F7556}") = "BidirectionalObserver", "Observer\BidirectionalObserver\BidirectionalObserver.csproj", "{086D391C-24CB-4297-8893-CA89212FA977}"
EndProject
Project("{9A19103F-16F7-4668-BE54-9A1E7A4F7556}") = "PropertyDependencies", "Observer\PropertyDependencies\PropertyDependencies.csproj", "{9EEAB7E4-A3E9-4A7D-8C6B-5BD67A9DD0E9}"
EndProject
Project("{9A19103F-16F7-4668-BE54-9A1E7A4F7556}") = "ContainerWireup", "Observer\ContainerWireup\ContainerWireup.csproj", "{5DEAD6EE-5FB1-4175-8C6E-02C5B0B95D40}"
EndProject
Project("{2150E333-8FDC-42A3-9474-1A3956D46DE8}") = "State", "State", "{896E1847-1ACE-43A6-96AB-A4D9533BBDAC}"
EndProject
Project("{9A19103F-16F7-4668-BE54-9A1E7A4F7556}") = "Classic", "State\Classic\Classic.csproj", "{2BD53DAD-362B-47BD-B9FC-55235B496578}"
EndProject
Project("{9A19103F-16F7-4668-BE54-9A1E7A4F7556}") = "Handmade", "State\Handmade\Handmade.csproj", "{B590DC8F-C737-439F-9D66-EBD8395F47FB}"
EndProject
Project("{9A19103F-16F7-4668-BE54-9A1E7A4F7556}") = "SwitchBased", "State\SwitchBased\SwitchBased.csproj", "{09826AE4-21D8-498B-A73B-6FD8D2B282B5}"
EndProject
Project("{9A19103F-16F7-4668-BE54-9A1E7A4F7556}") = "SwitchExpressions", "State\SwitchExpressions\SwitchExpressions.csproj", "{2FAF6326-0DAC-4619-BCDB-976C838AA19F}"
EndProject
Project("{FAE04EC0-301F-11D3-BF4B-00C04F79EFBC}") = "Stateless", "State\Stateless\Stateless.csproj", "{0E3CF421-2A4C-4EB1-B14C-E9A59F50EECF}"
EndProject
Project("{2150E333-8FDC-42A3-9474-1A3956D46DE8}") = "Strategy", "Strategy", "{2DA948B4-14DC-4F1F-A3C1-6A3E5DC0D7D4}"
EndProject
Project("{9A19103F-16F7-4668-BE54-9A1E7A4F7556}") = "Dynamic", "Strategy\Dynamic\Dynamic.csproj", "{38A30FD5-3563-4B62-8ECD-C3FBA629930C}"
EndProject
Project("{9A19103F-16F7-4668-BE54-9A1E7A4F7556}") = "StaticStrategy", "Strategy\StaticStrategy\StaticStrategy.csproj", "{DD22BCFB-9680-46FD-B35E-2AFB48C65CF7}"
EndProject
Project("{9A19103F-16F7-4668-BE54-9A1E7A4F7556}") = "ComparisonStrategies", "Strategy\ComparisonStrategies\ComparisonStrategies.csproj", "{701837FD-2243-4617-8EEF-0365F309C026}"
EndProject
Project("{2150E333-8FDC-42A3-9474-1A3956D46DE8}") = "TemplateMethod", "TemplateMethod", "{DDC26B69-5C2E-46EB-A7AE-185455C72BB9}"
EndProject
Project("{9A19103F-16F7-4668-BE54-9A1E7A4F7556}") = "TemplateMethodDemo", "TemplateMethod\TemplateMethodDemo\TemplateMethodDemo.csproj", "{43F6C6C5-62F8-4B4E-9E0C-33B91CFDC950}"
EndProject
Project("{9A19103F-16F7-4668-BE54-9A1E7A4F7556}") = "FunctionalTemplateMethod", "TemplateMethod\FunctionalTemplateMethod\FunctionalTemplateMethod.csproj", "{F15BC472-39DA-4C8F-9634-89B47A13B826}"
EndProject
Project("{2150E333-8FDC-42A3-9474-1A3956D46DE8}") = "Visitor", "Visitor", "{3DA7DA10-BF94-4209-BF07-4F0B59BBB193}"
EndProject
Project("{FAE04EC0-301F-11D3-BF4B-00C04F79EFBC}") = "Intrusive", "Visitor\Intrusive\Intrusive.csproj", "{EE0FB003-700C-4706-8446-49C613E12DDC}"
EndProject
Project("{FAE04EC0-301F-11D3-BF4B-00C04F79EFBC}") = "Reflective", "Visitor\Reflective\Reflective.csproj", "{5924184D-EDA0-42C6-8F19-9BD0F9F7256C}"
EndProject
Project("{FAE04EC0-301F-11D3-BF4B-00C04F79EFBC}") = "ClassicVisitor", "Visitor\ClassicVisitor\ClassicVisitor.csproj", "{A49032C4-75B9-4E1B-921F-035F2C79F4C4}"
EndProject
Project("{FAE04EC0-301F-11D3-BF4B-00C04F79EFBC}") = "TransformVisitor", "Visitor\TransformVisitor\TransformVisitor.csproj", "{55DBB793-2048-4447-A5E4-FBBE192F2A65}"
EndProject
Project("{FAE04EC0-301F-11D3-BF4B-00C04F79EFBC}") = "DynamicVisitor", "Visitor\DynamicVisitor\DynamicVisitor.csproj", "{D33CCE8E-934A-4D4A-9E72-46B0DE1C38F5}"
EndProject
Project("{FAE04EC0-301F-11D3-BF4B-00C04F79EFBC}") = "AcyclicVisitor", "Visitor\AcyclicVisitor\AcyclicVisitor.csproj", "{434AFB6A-F990-4570-991B-1F0046D4355B}"
EndProject
Global
	GlobalSection(SolutionConfigurationPlatforms) = preSolution
		Debug|Any CPU = Debug|Any CPU
		Release|Any CPU = Release|Any CPU
	EndGlobalSection
	GlobalSection(ProjectConfigurationPlatforms) = postSolution
		{AFBEB52F-470C-4171-866F-4E862C625DC9}.Debug|Any CPU.ActiveCfg = Debug|Any CPU
		{AFBEB52F-470C-4171-866F-4E862C625DC9}.Debug|Any CPU.Build.0 = Debug|Any CPU
		{AFBEB52F-470C-4171-866F-4E862C625DC9}.Release|Any CPU.ActiveCfg = Release|Any CPU
		{AFBEB52F-470C-4171-866F-4E862C625DC9}.Release|Any CPU.Build.0 = Release|Any CPU
		{265FAFA9-5132-4E66-8DCE-7AC2F40E0E73}.Debug|Any CPU.ActiveCfg = Debug|Any CPU
		{265FAFA9-5132-4E66-8DCE-7AC2F40E0E73}.Debug|Any CPU.Build.0 = Debug|Any CPU
		{265FAFA9-5132-4E66-8DCE-7AC2F40E0E73}.Release|Any CPU.ActiveCfg = Release|Any CPU
		{265FAFA9-5132-4E66-8DCE-7AC2F40E0E73}.Release|Any CPU.Build.0 = Release|Any CPU
		{F1241A35-1104-48D4-BD42-C8A67AB673C1}.Debug|Any CPU.ActiveCfg = Debug|Any CPU
		{F1241A35-1104-48D4-BD42-C8A67AB673C1}.Debug|Any CPU.Build.0 = Debug|Any CPU
		{F1241A35-1104-48D4-BD42-C8A67AB673C1}.Release|Any CPU.ActiveCfg = Release|Any CPU
		{F1241A35-1104-48D4-BD42-C8A67AB673C1}.Release|Any CPU.Build.0 = Release|Any CPU
		{3B2727B8-0F21-4806-8B01-C27FD3DD71C0}.Debug|Any CPU.ActiveCfg = Debug|Any CPU
		{3B2727B8-0F21-4806-8B01-C27FD3DD71C0}.Debug|Any CPU.Build.0 = Debug|Any CPU
		{3B2727B8-0F21-4806-8B01-C27FD3DD71C0}.Release|Any CPU.ActiveCfg = Release|Any CPU
		{3B2727B8-0F21-4806-8B01-C27FD3DD71C0}.Release|Any CPU.Build.0 = Release|Any CPU
		{8EF6A7BA-E7CF-4FB7-A180-C17ACD8D6615}.Debug|Any CPU.ActiveCfg = Debug|Any CPU
		{8EF6A7BA-E7CF-4FB7-A180-C17ACD8D6615}.Debug|Any CPU.Build.0 = Debug|Any CPU
		{8EF6A7BA-E7CF-4FB7-A180-C17ACD8D6615}.Release|Any CPU.ActiveCfg = Release|Any CPU
		{8EF6A7BA-E7CF-4FB7-A180-C17ACD8D6615}.Release|Any CPU.Build.0 = Release|Any CPU
		{2D0F5684-58CC-4EEB-B751-A7F37CD1E5CF}.Debug|Any CPU.ActiveCfg = Debug|Any CPU
		{2D0F5684-58CC-4EEB-B751-A7F37CD1E5CF}.Debug|Any CPU.Build.0 = Debug|Any CPU
		{2D0F5684-58CC-4EEB-B751-A7F37CD1E5CF}.Release|Any CPU.ActiveCfg = Release|Any CPU
		{2D0F5684-58CC-4EEB-B751-A7F37CD1E5CF}.Release|Any CPU.Build.0 = Release|Any CPU
		{AAB4C0FC-10F5-43BF-95B1-70CF9652AA12}.Debug|Any CPU.ActiveCfg = Debug|Any CPU
		{AAB4C0FC-10F5-43BF-95B1-70CF9652AA12}.Debug|Any CPU.Build.0 = Debug|Any CPU
		{AAB4C0FC-10F5-43BF-95B1-70CF9652AA12}.Release|Any CPU.ActiveCfg = Release|Any CPU
		{AAB4C0FC-10F5-43BF-95B1-70CF9652AA12}.Release|Any CPU.Build.0 = Release|Any CPU
		{4FD69ECD-DFB2-409D-90D3-4C6D0B9B3D0B}.Debug|Any CPU.ActiveCfg = Debug|Any CPU
		{4FD69ECD-DFB2-409D-90D3-4C6D0B9B3D0B}.Debug|Any CPU.Build.0 = Debug|Any CPU
		{4FD69ECD-DFB2-409D-90D3-4C6D0B9B3D0B}.Release|Any CPU.ActiveCfg = Release|Any CPU
		{4FD69ECD-DFB2-409D-90D3-4C6D0B9B3D0B}.Release|Any CPU.Build.0 = Release|Any CPU
		{86394E5B-50E5-4317-857B-458D659CC945}.Debug|Any CPU.ActiveCfg = Debug|Any CPU
		{86394E5B-50E5-4317-857B-458D659CC945}.Debug|Any CPU.Build.0 = Debug|Any CPU
		{86394E5B-50E5-4317-857B-458D659CC945}.Release|Any CPU.ActiveCfg = Release|Any CPU
		{86394E5B-50E5-4317-857B-458D659CC945}.Release|Any CPU.Build.0 = Release|Any CPU
		{336E76EB-D9EF-4B59-BDFE-05E15D7B3908}.Debug|Any CPU.ActiveCfg = Debug|Any CPU
		{336E76EB-D9EF-4B59-BDFE-05E15D7B3908}.Debug|Any CPU.Build.0 = Debug|Any CPU
		{336E76EB-D9EF-4B59-BDFE-05E15D7B3908}.Release|Any CPU.ActiveCfg = Release|Any CPU
		{336E76EB-D9EF-4B59-BDFE-05E15D7B3908}.Release|Any CPU.Build.0 = Release|Any CPU
		{0BA20011-7A71-4418-9BA2-BA1DF148377C}.Debug|Any CPU.ActiveCfg = Debug|Any CPU
		{0BA20011-7A71-4418-9BA2-BA1DF148377C}.Debug|Any CPU.Build.0 = Debug|Any CPU
		{0BA20011-7A71-4418-9BA2-BA1DF148377C}.Release|Any CPU.ActiveCfg = Release|Any CPU
		{0BA20011-7A71-4418-9BA2-BA1DF148377C}.Release|Any CPU.Build.0 = Release|Any CPU
		{B911E499-E367-4F92-B13C-E12D367B0A99}.Debug|Any CPU.ActiveCfg = Debug|Any CPU
		{B911E499-E367-4F92-B13C-E12D367B0A99}.Debug|Any CPU.Build.0 = Debug|Any CPU
		{B911E499-E367-4F92-B13C-E12D367B0A99}.Release|Any CPU.ActiveCfg = Release|Any CPU
		{B911E499-E367-4F92-B13C-E12D367B0A99}.Release|Any CPU.Build.0 = Release|Any CPU
		{079443E8-55EC-4F19-BA54-BF196A8E2651}.Debug|Any CPU.ActiveCfg = Debug|Any CPU
		{079443E8-55EC-4F19-BA54-BF196A8E2651}.Debug|Any CPU.Build.0 = Debug|Any CPU
		{079443E8-55EC-4F19-BA54-BF196A8E2651}.Release|Any CPU.ActiveCfg = Release|Any CPU
		{079443E8-55EC-4F19-BA54-BF196A8E2651}.Release|Any CPU.Build.0 = Release|Any CPU
		{88522233-54A1-4296-9BED-25FD4150793F}.Debug|Any CPU.ActiveCfg = Debug|Any CPU
		{88522233-54A1-4296-9BED-25FD4150793F}.Debug|Any CPU.Build.0 = Debug|Any CPU
		{88522233-54A1-4296-9BED-25FD4150793F}.Release|Any CPU.ActiveCfg = Release|Any CPU
		{88522233-54A1-4296-9BED-25FD4150793F}.Release|Any CPU.Build.0 = Release|Any CPU
		{2182157A-9400-494C-8A0B-F4AA51616099}.Debug|Any CPU.ActiveCfg = Debug|Any CPU
		{2182157A-9400-494C-8A0B-F4AA51616099}.Debug|Any CPU.Build.0 = Debug|Any CPU
		{2182157A-9400-494C-8A0B-F4AA51616099}.Release|Any CPU.ActiveCfg = Release|Any CPU
		{2182157A-9400-494C-8A0B-F4AA51616099}.Release|Any CPU.Build.0 = Release|Any CPU
		{E895E54C-1494-4C29-A366-3D106AA941C0}.Debug|Any CPU.ActiveCfg = Debug|Any CPU
		{E895E54C-1494-4C29-A366-3D106AA941C0}.Debug|Any CPU.Build.0 = Debug|Any CPU
		{E895E54C-1494-4C29-A366-3D106AA941C0}.Release|Any CPU.ActiveCfg = Release|Any CPU
		{E895E54C-1494-4C29-A366-3D106AA941C0}.Release|Any CPU.Build.0 = Release|Any CPU
		{0F467726-6F38-46AF-B7EE-34E29AF78B3A}.Debug|Any CPU.ActiveCfg = Debug|Any CPU
		{0F467726-6F38-46AF-B7EE-34E29AF78B3A}.Debug|Any CPU.Build.0 = Debug|Any CPU
		{0F467726-6F38-46AF-B7EE-34E29AF78B3A}.Release|Any CPU.ActiveCfg = Release|Any CPU
		{0F467726-6F38-46AF-B7EE-34E29AF78B3A}.Release|Any CPU.Build.0 = Release|Any CPU
		{81F414FF-BEC2-4FB3-B026-59897F9B80D1}.Debug|Any CPU.ActiveCfg = Debug|Any CPU
		{81F414FF-BEC2-4FB3-B026-59897F9B80D1}.Debug|Any CPU.Build.0 = Debug|Any CPU
		{81F414FF-BEC2-4FB3-B026-59897F9B80D1}.Release|Any CPU.ActiveCfg = Release|Any CPU
		{81F414FF-BEC2-4FB3-B026-59897F9B80D1}.Release|Any CPU.Build.0 = Release|Any CPU
		{19735670-7C92-4D1E-9767-905F5D00CD4C}.Debug|Any CPU.ActiveCfg = Debug|Any CPU
		{19735670-7C92-4D1E-9767-905F5D00CD4C}.Debug|Any CPU.Build.0 = Debug|Any CPU
		{19735670-7C92-4D1E-9767-905F5D00CD4C}.Release|Any CPU.ActiveCfg = Release|Any CPU
		{19735670-7C92-4D1E-9767-905F5D00CD4C}.Release|Any CPU.Build.0 = Release|Any CPU
		{E124A049-E5D3-4400-974F-599B1A4B0978}.Debug|Any CPU.ActiveCfg = Debug|Any CPU
		{E124A049-E5D3-4400-974F-599B1A4B0978}.Debug|Any CPU.Build.0 = Debug|Any CPU
		{E124A049-E5D3-4400-974F-599B1A4B0978}.Release|Any CPU.ActiveCfg = Release|Any CPU
		{E124A049-E5D3-4400-974F-599B1A4B0978}.Release|Any CPU.Build.0 = Release|Any CPU
		{68C66B28-EAAC-458E-BE14-7A892C87160D}.Debug|Any CPU.ActiveCfg = Debug|Any CPU
		{68C66B28-EAAC-458E-BE14-7A892C87160D}.Debug|Any CPU.Build.0 = Debug|Any CPU
		{68C66B28-EAAC-458E-BE14-7A892C87160D}.Release|Any CPU.ActiveCfg = Release|Any CPU
		{68C66B28-EAAC-458E-BE14-7A892C87160D}.Release|Any CPU.Build.0 = Release|Any CPU
		{F8FE9371-B1C4-4E09-A5FC-97D79BE15E57}.Debug|Any CPU.ActiveCfg = Debug|Any CPU
		{F8FE9371-B1C4-4E09-A5FC-97D79BE15E57}.Debug|Any CPU.Build.0 = Debug|Any CPU
		{F8FE9371-B1C4-4E09-A5FC-97D79BE15E57}.Release|Any CPU.ActiveCfg = Release|Any CPU
		{F8FE9371-B1C4-4E09-A5FC-97D79BE15E57}.Release|Any CPU.Build.0 = Release|Any CPU
		{9A4D1CA2-E4BB-40A9-9FAE-8F304B5266CA}.Debug|Any CPU.ActiveCfg = Debug|Any CPU
		{9A4D1CA2-E4BB-40A9-9FAE-8F304B5266CA}.Debug|Any CPU.Build.0 = Debug|Any CPU
		{9A4D1CA2-E4BB-40A9-9FAE-8F304B5266CA}.Release|Any CPU.ActiveCfg = Release|Any CPU
		{9A4D1CA2-E4BB-40A9-9FAE-8F304B5266CA}.Release|Any CPU.Build.0 = Release|Any CPU
		{17A4BC06-F6A9-40EC-8A8C-D2C5AB3858CB}.Debug|Any CPU.ActiveCfg = Debug|Any CPU
		{17A4BC06-F6A9-40EC-8A8C-D2C5AB3858CB}.Debug|Any CPU.Build.0 = Debug|Any CPU
		{17A4BC06-F6A9-40EC-8A8C-D2C5AB3858CB}.Release|Any CPU.ActiveCfg = Release|Any CPU
		{17A4BC06-F6A9-40EC-8A8C-D2C5AB3858CB}.Release|Any CPU.Build.0 = Release|Any CPU
		{427A8829-BF39-4E0A-B5BE-99A0E3DFD79B}.Debug|Any CPU.ActiveCfg = Debug|Any CPU
		{427A8829-BF39-4E0A-B5BE-99A0E3DFD79B}.Debug|Any CPU.Build.0 = Debug|Any CPU
		{427A8829-BF39-4E0A-B5BE-99A0E3DFD79B}.Release|Any CPU.ActiveCfg = Release|Any CPU
		{427A8829-BF39-4E0A-B5BE-99A0E3DFD79B}.Release|Any CPU.Build.0 = Release|Any CPU
		{2FA061C3-7DAA-4827-A779-9473A46C5EB7}.Debug|Any CPU.ActiveCfg = Debug|Any CPU
		{2FA061C3-7DAA-4827-A779-9473A46C5EB7}.Debug|Any CPU.Build.0 = Debug|Any CPU
		{2FA061C3-7DAA-4827-A779-9473A46C5EB7}.Release|Any CPU.ActiveCfg = Release|Any CPU
		{2FA061C3-7DAA-4827-A779-9473A46C5EB7}.Release|Any CPU.Build.0 = Release|Any CPU
		{A9999C0F-CFA8-4C4A-836F-FDEB19032858}.Debug|Any CPU.ActiveCfg = Debug|Any CPU
		{A9999C0F-CFA8-4C4A-836F-FDEB19032858}.Debug|Any CPU.Build.0 = Debug|Any CPU
		{A9999C0F-CFA8-4C4A-836F-FDEB19032858}.Release|Any CPU.ActiveCfg = Release|Any CPU
		{A9999C0F-CFA8-4C4A-836F-FDEB19032858}.Release|Any CPU.Build.0 = Release|Any CPU
		{215443C5-2260-4EB6-9548-F0A8DEDC57BC}.Debug|Any CPU.ActiveCfg = Debug|Any CPU
		{215443C5-2260-4EB6-9548-F0A8DEDC57BC}.Debug|Any CPU.Build.0 = Debug|Any CPU
		{215443C5-2260-4EB6-9548-F0A8DEDC57BC}.Release|Any CPU.ActiveCfg = Release|Any CPU
		{215443C5-2260-4EB6-9548-F0A8DEDC57BC}.Release|Any CPU.Build.0 = Release|Any CPU
		{CADEF834-8C14-4FA6-96A6-77D71A38AE11}.Debug|Any CPU.ActiveCfg = Debug|Any CPU
		{CADEF834-8C14-4FA6-96A6-77D71A38AE11}.Debug|Any CPU.Build.0 = Debug|Any CPU
		{CADEF834-8C14-4FA6-96A6-77D71A38AE11}.Release|Any CPU.ActiveCfg = Release|Any CPU
		{CADEF834-8C14-4FA6-96A6-77D71A38AE11}.Release|Any CPU.Build.0 = Release|Any CPU
		{4D8A655E-F3B9-45DA-B06D-66F3E62FF0C8}.Debug|Any CPU.ActiveCfg = Debug|Any CPU
		{4D8A655E-F3B9-45DA-B06D-66F3E62FF0C8}.Debug|Any CPU.Build.0 = Debug|Any CPU
		{4D8A655E-F3B9-45DA-B06D-66F3E62FF0C8}.Release|Any CPU.ActiveCfg = Release|Any CPU
		{4D8A655E-F3B9-45DA-B06D-66F3E62FF0C8}.Release|Any CPU.Build.0 = Release|Any CPU
		{56377A34-8380-466A-8CD1-4883AA95D40B}.Debug|Any CPU.ActiveCfg = Debug|Any CPU
		{56377A34-8380-466A-8CD1-4883AA95D40B}.Debug|Any CPU.Build.0 = Debug|Any CPU
		{56377A34-8380-466A-8CD1-4883AA95D40B}.Release|Any CPU.ActiveCfg = Release|Any CPU
		{56377A34-8380-466A-8CD1-4883AA95D40B}.Release|Any CPU.Build.0 = Release|Any CPU
		{0661DC25-DC96-4105-B3BE-A9F400611442}.Debug|Any CPU.ActiveCfg = Debug|Any CPU
		{0661DC25-DC96-4105-B3BE-A9F400611442}.Debug|Any CPU.Build.0 = Debug|Any CPU
		{0661DC25-DC96-4105-B3BE-A9F400611442}.Release|Any CPU.ActiveCfg = Release|Any CPU
		{0661DC25-DC96-4105-B3BE-A9F400611442}.Release|Any CPU.Build.0 = Release|Any CPU
		{2216F7A3-D6B0-4055-9834-E843758F7F00}.Debug|Any CPU.ActiveCfg = Debug|Any CPU
		{2216F7A3-D6B0-4055-9834-E843758F7F00}.Debug|Any CPU.Build.0 = Debug|Any CPU
		{2216F7A3-D6B0-4055-9834-E843758F7F00}.Release|Any CPU.ActiveCfg = Release|Any CPU
		{2216F7A3-D6B0-4055-9834-E843758F7F00}.Release|Any CPU.Build.0 = Release|Any CPU
		{EAF3E0FD-8274-4F84-9A37-7E4B7F5790AB}.Debug|Any CPU.ActiveCfg = Debug|Any CPU
		{EAF3E0FD-8274-4F84-9A37-7E4B7F5790AB}.Debug|Any CPU.Build.0 = Debug|Any CPU
		{EAF3E0FD-8274-4F84-9A37-7E4B7F5790AB}.Release|Any CPU.ActiveCfg = Release|Any CPU
		{EAF3E0FD-8274-4F84-9A37-7E4B7F5790AB}.Release|Any CPU.Build.0 = Release|Any CPU
		{F1DAE701-20E1-4ADD-B8A2-AB46B1DCEAF0}.Debug|Any CPU.ActiveCfg = Debug|Any CPU
		{F1DAE701-20E1-4ADD-B8A2-AB46B1DCEAF0}.Debug|Any CPU.Build.0 = Debug|Any CPU
		{F1DAE701-20E1-4ADD-B8A2-AB46B1DCEAF0}.Release|Any CPU.ActiveCfg = Release|Any CPU
		{F1DAE701-20E1-4ADD-B8A2-AB46B1DCEAF0}.Release|Any CPU.Build.0 = Release|Any CPU
		{482A0769-0014-4171-8F67-39E3BCBC53B3}.Debug|Any CPU.ActiveCfg = Debug|Any CPU
		{482A0769-0014-4171-8F67-39E3BCBC53B3}.Debug|Any CPU.Build.0 = Debug|Any CPU
		{482A0769-0014-4171-8F67-39E3BCBC53B3}.Release|Any CPU.ActiveCfg = Release|Any CPU
		{482A0769-0014-4171-8F67-39E3BCBC53B3}.Release|Any CPU.Build.0 = Release|Any CPU
		{B02AC544-F12B-40FC-91D5-A5CC1DA4D940}.Debug|Any CPU.ActiveCfg = Debug|Any CPU
		{B02AC544-F12B-40FC-91D5-A5CC1DA4D940}.Debug|Any CPU.Build.0 = Debug|Any CPU
		{B02AC544-F12B-40FC-91D5-A5CC1DA4D940}.Release|Any CPU.ActiveCfg = Release|Any CPU
		{B02AC544-F12B-40FC-91D5-A5CC1DA4D940}.Release|Any CPU.Build.0 = Release|Any CPU
		{F3DB43C3-28E2-4344-AB93-01FCCEAB6181}.Debug|Any CPU.ActiveCfg = Debug|Any CPU
		{F3DB43C3-28E2-4344-AB93-01FCCEAB6181}.Debug|Any CPU.Build.0 = Debug|Any CPU
		{F3DB43C3-28E2-4344-AB93-01FCCEAB6181}.Release|Any CPU.ActiveCfg = Release|Any CPU
		{F3DB43C3-28E2-4344-AB93-01FCCEAB6181}.Release|Any CPU.Build.0 = Release|Any CPU
		{BCF2A2B9-1B7B-4B95-92C9-DFD3FBCD747B}.Debug|Any CPU.ActiveCfg = Debug|Any CPU
		{BCF2A2B9-1B7B-4B95-92C9-DFD3FBCD747B}.Debug|Any CPU.Build.0 = Debug|Any CPU
		{BCF2A2B9-1B7B-4B95-92C9-DFD3FBCD747B}.Release|Any CPU.ActiveCfg = Release|Any CPU
		{BCF2A2B9-1B7B-4B95-92C9-DFD3FBCD747B}.Release|Any CPU.Build.0 = Release|Any CPU
		{0C1FEBF4-DA20-4051-AC9F-7A02D0161B21}.Debug|Any CPU.ActiveCfg = Debug|Any CPU
		{0C1FEBF4-DA20-4051-AC9F-7A02D0161B21}.Debug|Any CPU.Build.0 = Debug|Any CPU
		{0C1FEBF4-DA20-4051-AC9F-7A02D0161B21}.Release|Any CPU.ActiveCfg = Release|Any CPU
		{0C1FEBF4-DA20-4051-AC9F-7A02D0161B21}.Release|Any CPU.Build.0 = Release|Any CPU
		{8CBEA99C-63DC-4F47-984B-0D98145716E0}.Debug|Any CPU.ActiveCfg = Debug|Any CPU
		{8CBEA99C-63DC-4F47-984B-0D98145716E0}.Debug|Any CPU.Build.0 = Debug|Any CPU
		{8CBEA99C-63DC-4F47-984B-0D98145716E0}.Release|Any CPU.ActiveCfg = Release|Any CPU
		{8CBEA99C-63DC-4F47-984B-0D98145716E0}.Release|Any CPU.Build.0 = Release|Any CPU
		{9FE6F9CC-723D-4B6A-BEFD-0898AD15B90E}.Debug|Any CPU.ActiveCfg = Debug|Any CPU
		{9FE6F9CC-723D-4B6A-BEFD-0898AD15B90E}.Debug|Any CPU.Build.0 = Debug|Any CPU
		{9FE6F9CC-723D-4B6A-BEFD-0898AD15B90E}.Release|Any CPU.ActiveCfg = Release|Any CPU
		{9FE6F9CC-723D-4B6A-BEFD-0898AD15B90E}.Release|Any CPU.Build.0 = Release|Any CPU
		{B78EA048-F6B9-40E1-A1DE-BDA16F9613B2}.Debug|Any CPU.ActiveCfg = Debug|Any CPU
		{B78EA048-F6B9-40E1-A1DE-BDA16F9613B2}.Debug|Any CPU.Build.0 = Debug|Any CPU
		{B78EA048-F6B9-40E1-A1DE-BDA16F9613B2}.Release|Any CPU.ActiveCfg = Release|Any CPU
		{B78EA048-F6B9-40E1-A1DE-BDA16F9613B2}.Release|Any CPU.Build.0 = Release|Any CPU
		{44E8BF2A-C17C-460D-A60B-E9244F143D41}.Debug|Any CPU.ActiveCfg = Debug|Any CPU
		{44E8BF2A-C17C-460D-A60B-E9244F143D41}.Debug|Any CPU.Build.0 = Debug|Any CPU
		{44E8BF2A-C17C-460D-A60B-E9244F143D41}.Release|Any CPU.ActiveCfg = Release|Any CPU
		{44E8BF2A-C17C-460D-A60B-E9244F143D41}.Release|Any CPU.Build.0 = Release|Any CPU
		{232BDE93-4421-43E5-8363-26070C257751}.Debug|Any CPU.ActiveCfg = Debug|Any CPU
		{232BDE93-4421-43E5-8363-26070C257751}.Debug|Any CPU.Build.0 = Debug|Any CPU
		{232BDE93-4421-43E5-8363-26070C257751}.Release|Any CPU.ActiveCfg = Release|Any CPU
		{232BDE93-4421-43E5-8363-26070C257751}.Release|Any CPU.Build.0 = Release|Any CPU
		{902A33B4-8A2F-431F-BC65-6683F74DA522}.Debug|Any CPU.ActiveCfg = Debug|Any CPU
		{902A33B4-8A2F-431F-BC65-6683F74DA522}.Debug|Any CPU.Build.0 = Debug|Any CPU
		{902A33B4-8A2F-431F-BC65-6683F74DA522}.Release|Any CPU.ActiveCfg = Release|Any CPU
		{902A33B4-8A2F-431F-BC65-6683F74DA522}.Release|Any CPU.Build.0 = Release|Any CPU
		{4659E6AF-FFAB-4031-9CF4-566C172B3684}.Debug|Any CPU.ActiveCfg = Debug|Any CPU
		{4659E6AF-FFAB-4031-9CF4-566C172B3684}.Debug|Any CPU.Build.0 = Debug|Any CPU
		{4659E6AF-FFAB-4031-9CF4-566C172B3684}.Release|Any CPU.ActiveCfg = Release|Any CPU
		{4659E6AF-FFAB-4031-9CF4-566C172B3684}.Release|Any CPU.Build.0 = Release|Any CPU
		{94BD5681-2FF6-420A-B5F7-3B38B97B10FB}.Debug|Any CPU.ActiveCfg = Debug|Any CPU
		{94BD5681-2FF6-420A-B5F7-3B38B97B10FB}.Debug|Any CPU.Build.0 = Debug|Any CPU
		{94BD5681-2FF6-420A-B5F7-3B38B97B10FB}.Release|Any CPU.ActiveCfg = Release|Any CPU
		{94BD5681-2FF6-420A-B5F7-3B38B97B10FB}.Release|Any CPU.Build.0 = Release|Any CPU
		{D896B2B8-34BE-4B2E-AD08-2DA6E27E8332}.Debug|Any CPU.ActiveCfg = Debug|Any CPU
		{D896B2B8-34BE-4B2E-AD08-2DA6E27E8332}.Debug|Any CPU.Build.0 = Debug|Any CPU
		{D896B2B8-34BE-4B2E-AD08-2DA6E27E8332}.Release|Any CPU.ActiveCfg = Release|Any CPU
		{D896B2B8-34BE-4B2E-AD08-2DA6E27E8332}.Release|Any CPU.Build.0 = Release|Any CPU
		{45A0FC0E-DB25-4340-ABED-685C8CE7BD11}.Debug|Any CPU.ActiveCfg = Debug|Any CPU
		{45A0FC0E-DB25-4340-ABED-685C8CE7BD11}.Debug|Any CPU.Build.0 = Debug|Any CPU
		{45A0FC0E-DB25-4340-ABED-685C8CE7BD11}.Release|Any CPU.ActiveCfg = Release|Any CPU
		{45A0FC0E-DB25-4340-ABED-685C8CE7BD11}.Release|Any CPU.Build.0 = Release|Any CPU
		{D8CCAC58-B039-4D25-A262-23E44EBE08DD}.Debug|Any CPU.ActiveCfg = Debug|Any CPU
		{D8CCAC58-B039-4D25-A262-23E44EBE08DD}.Debug|Any CPU.Build.0 = Debug|Any CPU
		{D8CCAC58-B039-4D25-A262-23E44EBE08DD}.Release|Any CPU.ActiveCfg = Release|Any CPU
		{D8CCAC58-B039-4D25-A262-23E44EBE08DD}.Release|Any CPU.Build.0 = Release|Any CPU
		{C3E3927C-FA65-432C-9C35-B5AEF028ACEE}.Debug|Any CPU.ActiveCfg = Debug|Any CPU
		{C3E3927C-FA65-432C-9C35-B5AEF028ACEE}.Debug|Any CPU.Build.0 = Debug|Any CPU
		{C3E3927C-FA65-432C-9C35-B5AEF028ACEE}.Release|Any CPU.ActiveCfg = Release|Any CPU
		{C3E3927C-FA65-432C-9C35-B5AEF028ACEE}.Release|Any CPU.Build.0 = Release|Any CPU
		{E23140E2-3106-4544-B4C7-7D26A51F2D45}.Debug|Any CPU.ActiveCfg = Debug|Any CPU
		{E23140E2-3106-4544-B4C7-7D26A51F2D45}.Debug|Any CPU.Build.0 = Debug|Any CPU
		{E23140E2-3106-4544-B4C7-7D26A51F2D45}.Release|Any CPU.ActiveCfg = Release|Any CPU
		{E23140E2-3106-4544-B4C7-7D26A51F2D45}.Release|Any CPU.Build.0 = Release|Any CPU
		{8C349676-E03E-4C78-B35F-99ADA7AC228F}.Debug|Any CPU.ActiveCfg = Debug|Any CPU
		{8C349676-E03E-4C78-B35F-99ADA7AC228F}.Debug|Any CPU.Build.0 = Debug|Any CPU
		{8C349676-E03E-4C78-B35F-99ADA7AC228F}.Release|Any CPU.ActiveCfg = Release|Any CPU
		{8C349676-E03E-4C78-B35F-99ADA7AC228F}.Release|Any CPU.Build.0 = Release|Any CPU
		{B5525ECE-3417-4A05-880D-46BFBDBC0D30}.Debug|Any CPU.ActiveCfg = Debug|Any CPU
		{B5525ECE-3417-4A05-880D-46BFBDBC0D30}.Debug|Any CPU.Build.0 = Debug|Any CPU
		{B5525ECE-3417-4A05-880D-46BFBDBC0D30}.Release|Any CPU.ActiveCfg = Release|Any CPU
		{B5525ECE-3417-4A05-880D-46BFBDBC0D30}.Release|Any CPU.Build.0 = Release|Any CPU
		{E5702C4C-E0B4-422C-ABB7-A0D90B5D9A67}.Debug|Any CPU.ActiveCfg = Debug|Any CPU
		{E5702C4C-E0B4-422C-ABB7-A0D90B5D9A67}.Debug|Any CPU.Build.0 = Debug|Any CPU
		{E5702C4C-E0B4-422C-ABB7-A0D90B5D9A67}.Release|Any CPU.ActiveCfg = Release|Any CPU
		{E5702C4C-E0B4-422C-ABB7-A0D90B5D9A67}.Release|Any CPU.Build.0 = Release|Any CPU
		{09D6DB04-15C8-42F7-96E1-4D8D8C88CA0C}.Debug|Any CPU.ActiveCfg = Debug|Any CPU
		{09D6DB04-15C8-42F7-96E1-4D8D8C88CA0C}.Debug|Any CPU.Build.0 = Debug|Any CPU
		{09D6DB04-15C8-42F7-96E1-4D8D8C88CA0C}.Release|Any CPU.ActiveCfg = Release|Any CPU
		{09D6DB04-15C8-42F7-96E1-4D8D8C88CA0C}.Release|Any CPU.Build.0 = Release|Any CPU
		{B95281CC-4E16-48AB-8791-8CEBA07AA8CA}.Debug|Any CPU.ActiveCfg = Debug|Any CPU
		{B95281CC-4E16-48AB-8791-8CEBA07AA8CA}.Debug|Any CPU.Build.0 = Debug|Any CPU
		{B95281CC-4E16-48AB-8791-8CEBA07AA8CA}.Release|Any CPU.ActiveCfg = Release|Any CPU
		{B95281CC-4E16-48AB-8791-8CEBA07AA8CA}.Release|Any CPU.Build.0 = Release|Any CPU
		{CE53B7E6-778D-4714-8F28-DE11C48AAE56}.Debug|Any CPU.ActiveCfg = Debug|Any CPU
		{CE53B7E6-778D-4714-8F28-DE11C48AAE56}.Debug|Any CPU.Build.0 = Debug|Any CPU
		{CE53B7E6-778D-4714-8F28-DE11C48AAE56}.Release|Any CPU.ActiveCfg = Release|Any CPU
		{CE53B7E6-778D-4714-8F28-DE11C48AAE56}.Release|Any CPU.Build.0 = Release|Any CPU
		{086D391C-24CB-4297-8893-CA89212FA977}.Debug|Any CPU.ActiveCfg = Debug|Any CPU
		{086D391C-24CB-4297-8893-CA89212FA977}.Debug|Any CPU.Build.0 = Debug|Any CPU
		{086D391C-24CB-4297-8893-CA89212FA977}.Release|Any CPU.ActiveCfg = Release|Any CPU
		{086D391C-24CB-4297-8893-CA89212FA977}.Release|Any CPU.Build.0 = Release|Any CPU
		{9EEAB7E4-A3E9-4A7D-8C6B-5BD67A9DD0E9}.Debug|Any CPU.ActiveCfg = Debug|Any CPU
		{9EEAB7E4-A3E9-4A7D-8C6B-5BD67A9DD0E9}.Debug|Any CPU.Build.0 = Debug|Any CPU
		{9EEAB7E4-A3E9-4A7D-8C6B-5BD67A9DD0E9}.Release|Any CPU.ActiveCfg = Release|Any CPU
		{9EEAB7E4-A3E9-4A7D-8C6B-5BD67A9DD0E9}.Release|Any CPU.Build.0 = Release|Any CPU
		{5DEAD6EE-5FB1-4175-8C6E-02C5B0B95D40}.Debug|Any CPU.ActiveCfg = Debug|Any CPU
		{5DEAD6EE-5FB1-4175-8C6E-02C5B0B95D40}.Debug|Any CPU.Build.0 = Debug|Any CPU
		{5DEAD6EE-5FB1-4175-8C6E-02C5B0B95D40}.Release|Any CPU.ActiveCfg = Release|Any CPU
		{5DEAD6EE-5FB1-4175-8C6E-02C5B0B95D40}.Release|Any CPU.Build.0 = Release|Any CPU
		{2BD53DAD-362B-47BD-B9FC-55235B496578}.Debug|Any CPU.ActiveCfg = Debug|Any CPU
		{2BD53DAD-362B-47BD-B9FC-55235B496578}.Debug|Any CPU.Build.0 = Debug|Any CPU
		{2BD53DAD-362B-47BD-B9FC-55235B496578}.Release|Any CPU.ActiveCfg = Release|Any CPU
		{2BD53DAD-362B-47BD-B9FC-55235B496578}.Release|Any CPU.Build.0 = Release|Any CPU
		{B590DC8F-C737-439F-9D66-EBD8395F47FB}.Debug|Any CPU.ActiveCfg = Debug|Any CPU
		{B590DC8F-C737-439F-9D66-EBD8395F47FB}.Debug|Any CPU.Build.0 = Debug|Any CPU
		{B590DC8F-C737-439F-9D66-EBD8395F47FB}.Release|Any CPU.ActiveCfg = Release|Any CPU
		{B590DC8F-C737-439F-9D66-EBD8395F47FB}.Release|Any CPU.Build.0 = Release|Any CPU
		{09826AE4-21D8-498B-A73B-6FD8D2B282B5}.Debug|Any CPU.ActiveCfg = Debug|Any CPU
		{09826AE4-21D8-498B-A73B-6FD8D2B282B5}.Debug|Any CPU.Build.0 = Debug|Any CPU
		{09826AE4-21D8-498B-A73B-6FD8D2B282B5}.Release|Any CPU.ActiveCfg = Release|Any CPU
		{09826AE4-21D8-498B-A73B-6FD8D2B282B5}.Release|Any CPU.Build.0 = Release|Any CPU
		{2FAF6326-0DAC-4619-BCDB-976C838AA19F}.Debug|Any CPU.ActiveCfg = Debug|Any CPU
		{2FAF6326-0DAC-4619-BCDB-976C838AA19F}.Debug|Any CPU.Build.0 = Debug|Any CPU
		{2FAF6326-0DAC-4619-BCDB-976C838AA19F}.Release|Any CPU.ActiveCfg = Release|Any CPU
		{2FAF6326-0DAC-4619-BCDB-976C838AA19F}.Release|Any CPU.Build.0 = Release|Any CPU
		{0E3CF421-2A4C-4EB1-B14C-E9A59F50EECF}.Debug|Any CPU.ActiveCfg = Debug|Any CPU
		{0E3CF421-2A4C-4EB1-B14C-E9A59F50EECF}.Debug|Any CPU.Build.0 = Debug|Any CPU
		{0E3CF421-2A4C-4EB1-B14C-E9A59F50EECF}.Release|Any CPU.ActiveCfg = Release|Any CPU
		{0E3CF421-2A4C-4EB1-B14C-E9A59F50EECF}.Release|Any CPU.Build.0 = Release|Any CPU
		{38A30FD5-3563-4B62-8ECD-C3FBA629930C}.Debug|Any CPU.ActiveCfg = Debug|Any CPU
		{38A30FD5-3563-4B62-8ECD-C3FBA629930C}.Debug|Any CPU.Build.0 = Debug|Any CPU
		{38A30FD5-3563-4B62-8ECD-C3FBA629930C}.Release|Any CPU.ActiveCfg = Release|Any CPU
		{38A30FD5-3563-4B62-8ECD-C3FBA629930C}.Release|Any CPU.Build.0 = Release|Any CPU
		{DD22BCFB-9680-46FD-B35E-2AFB48C65CF7}.Debug|Any CPU.ActiveCfg = Debug|Any CPU
		{DD22BCFB-9680-46FD-B35E-2AFB48C65CF7}.Debug|Any CPU.Build.0 = Debug|Any CPU
		{DD22BCFB-9680-46FD-B35E-2AFB48C65CF7}.Release|Any CPU.ActiveCfg = Release|Any CPU
		{DD22BCFB-9680-46FD-B35E-2AFB48C65CF7}.Release|Any CPU.Build.0 = Release|Any CPU
		{701837FD-2243-4617-8EEF-0365F309C026}.Debug|Any CPU.ActiveCfg = Debug|Any CPU
		{701837FD-2243-4617-8EEF-0365F309C026}.Debug|Any CPU.Build.0 = Debug|Any CPU
		{701837FD-2243-4617-8EEF-0365F309C026}.Release|Any CPU.ActiveCfg = Release|Any CPU
		{701837FD-2243-4617-8EEF-0365F309C026}.Release|Any CPU.Build.0 = Release|Any CPU
		{43F6C6C5-62F8-4B4E-9E0C-33B91CFDC950}.Debug|Any CPU.ActiveCfg = Debug|Any CPU
		{43F6C6C5-62F8-4B4E-9E0C-33B91CFDC950}.Debug|Any CPU.Build.0 = Debug|Any CPU
		{43F6C6C5-62F8-4B4E-9E0C-33B91CFDC950}.Release|Any CPU.ActiveCfg = Release|Any CPU
		{43F6C6C5-62F8-4B4E-9E0C-33B91CFDC950}.Release|Any CPU.Build.0 = Release|Any CPU
		{F15BC472-39DA-4C8F-9634-89B47A13B826}.Debug|Any CPU.ActiveCfg = Debug|Any CPU
		{F15BC472-39DA-4C8F-9634-89B47A13B826}.Debug|Any CPU.Build.0 = Debug|Any CPU
		{F15BC472-39DA-4C8F-9634-89B47A13B826}.Release|Any CPU.ActiveCfg = Release|Any CPU
		{F15BC472-39DA-4C8F-9634-89B47A13B826}.Release|Any CPU.Build.0 = Release|Any CPU
		{EE0FB003-700C-4706-8446-49C613E12DDC}.Debug|Any CPU.ActiveCfg = Debug|Any CPU
		{EE0FB003-700C-4706-8446-49C613E12DDC}.Debug|Any CPU.Build.0 = Debug|Any CPU
		{EE0FB003-700C-4706-8446-49C613E12DDC}.Release|Any CPU.ActiveCfg = Release|Any CPU
		{EE0FB003-700C-4706-8446-49C613E12DDC}.Release|Any CPU.Build.0 = Release|Any CPU
		{5924184D-EDA0-42C6-8F19-9BD0F9F7256C}.Debug|Any CPU.ActiveCfg = Debug|Any CPU
		{5924184D-EDA0-42C6-8F19-9BD0F9F7256C}.Debug|Any CPU.Build.0 = Debug|Any CPU
		{5924184D-EDA0-42C6-8F19-9BD0F9F7256C}.Release|Any CPU.ActiveCfg = Release|Any CPU
		{5924184D-EDA0-42C6-8F19-9BD0F9F7256C}.Release|Any CPU.Build.0 = Release|Any CPU
		{A49032C4-75B9-4E1B-921F-035F2C79F4C4}.Debug|Any CPU.ActiveCfg = Debug|Any CPU
		{A49032C4-75B9-4E1B-921F-035F2C79F4C4}.Debug|Any CPU.Build.0 = Debug|Any CPU
		{A49032C4-75B9-4E1B-921F-035F2C79F4C4}.Release|Any CPU.ActiveCfg = Release|Any CPU
		{A49032C4-75B9-4E1B-921F-035F2C79F4C4}.Release|Any CPU.Build.0 = Release|Any CPU
		{55DBB793-2048-4447-A5E4-FBBE192F2A65}.Debug|Any CPU.ActiveCfg = Debug|Any CPU
		{55DBB793-2048-4447-A5E4-FBBE192F2A65}.Debug|Any CPU.Build.0 = Debug|Any CPU
		{55DBB793-2048-4447-A5E4-FBBE192F2A65}.Release|Any CPU.ActiveCfg = Release|Any CPU
		{55DBB793-2048-4447-A5E4-FBBE192F2A65}.Release|Any CPU.Build.0 = Release|Any CPU
		{D33CCE8E-934A-4D4A-9E72-46B0DE1C38F5}.Debug|Any CPU.ActiveCfg = Debug|Any CPU
		{D33CCE8E-934A-4D4A-9E72-46B0DE1C38F5}.Debug|Any CPU.Build.0 = Debug|Any CPU
		{D33CCE8E-934A-4D4A-9E72-46B0DE1C38F5}.Release|Any CPU.ActiveCfg = Release|Any CPU
		{D33CCE8E-934A-4D4A-9E72-46B0DE1C38F5}.Release|Any CPU.Build.0 = Release|Any CPU
		{434AFB6A-F990-4570-991B-1F0046D4355B}.Debug|Any CPU.ActiveCfg = Debug|Any CPU
		{434AFB6A-F990-4570-991B-1F0046D4355B}.Debug|Any CPU.Build.0 = Debug|Any CPU
		{434AFB6A-F990-4570-991B-1F0046D4355B}.Release|Any CPU.ActiveCfg = Release|Any CPU
		{434AFB6A-F990-4570-991B-1F0046D4355B}.Release|Any CPU.Build.0 = Release|Any CPU
	EndGlobalSection
	GlobalSection(SolutionProperties) = preSolution
		HideSolutionNode = FALSE
	EndGlobalSection
	GlobalSection(NestedProjects) = preSolution
		{AFBEB52F-470C-4171-866F-4E862C625DC9} = {D25D63D4-1233-420B-8A60-2668CC6589F0}
		{265FAFA9-5132-4E66-8DCE-7AC2F40E0E73} = {D25D63D4-1233-420B-8A60-2668CC6589F0}
		{F1241A35-1104-48D4-BD42-C8A67AB673C1} = {D25D63D4-1233-420B-8A60-2668CC6589F0}
		{3B2727B8-0F21-4806-8B01-C27FD3DD71C0} = {D25D63D4-1233-420B-8A60-2668CC6589F0}
		{8EF6A7BA-E7CF-4FB7-A180-C17ACD8D6615} = {D25D63D4-1233-420B-8A60-2668CC6589F0}
		{2D0F5684-58CC-4EEB-B751-A7F37CD1E5CF} = {D25D63D4-1233-420B-8A60-2668CC6589F0}
		{AAB4C0FC-10F5-43BF-95B1-70CF9652AA12} = {4078F420-B6CD-440C-B336-4DCCE70F255A}
		{4FD69ECD-DFB2-409D-90D3-4C6D0B9B3D0B} = {4078F420-B6CD-440C-B336-4DCCE70F255A}
		{86394E5B-50E5-4317-857B-458D659CC945} = {4078F420-B6CD-440C-B336-4DCCE70F255A}
		{336E76EB-D9EF-4B59-BDFE-05E15D7B3908} = {4078F420-B6CD-440C-B336-4DCCE70F255A}
		{0BA20011-7A71-4418-9BA2-BA1DF148377C} = {4078F420-B6CD-440C-B336-4DCCE70F255A}
		{B911E499-E367-4F92-B13C-E12D367B0A99} = {12590663-01B7-4CEA-AD30-1D86FA01BCEC}
		{079443E8-55EC-4F19-BA54-BF196A8E2651} = {29791D3F-F0E7-405B-8F13-B082DCE348DC}
		{88522233-54A1-4296-9BED-25FD4150793F} = {29791D3F-F0E7-405B-8F13-B082DCE348DC}
		{2182157A-9400-494C-8A0B-F4AA51616099} = {29791D3F-F0E7-405B-8F13-B082DCE348DC}
		{E895E54C-1494-4C29-A366-3D106AA941C0} = {6C8440C2-2D95-44D7-AA38-8D0CA428983B}
		{0F467726-6F38-46AF-B7EE-34E29AF78B3A} = {6C8440C2-2D95-44D7-AA38-8D0CA428983B}
		{81F414FF-BEC2-4FB3-B026-59897F9B80D1} = {6C8440C2-2D95-44D7-AA38-8D0CA428983B}
		{19735670-7C92-4D1E-9767-905F5D00CD4C} = {6C8440C2-2D95-44D7-AA38-8D0CA428983B}
		{E124A049-E5D3-4400-974F-599B1A4B0978} = {DA6ACF91-97B7-4059-AD10-2211A6F4B90E}
		{68C66B28-EAAC-458E-BE14-7A892C87160D} = {DA6ACF91-97B7-4059-AD10-2211A6F4B90E}
		{F8FE9371-B1C4-4E09-A5FC-97D79BE15E57} = {DA6ACF91-97B7-4059-AD10-2211A6F4B90E}
		{9A4D1CA2-E4BB-40A9-9FAE-8F304B5266CA} = {DA6ACF91-97B7-4059-AD10-2211A6F4B90E}
		{17A4BC06-F6A9-40EC-8A8C-D2C5AB3858CB} = {2B5328A4-1336-4219-AEB3-A376A275896D}
		{427A8829-BF39-4E0A-B5BE-99A0E3DFD79B} = {2B5328A4-1336-4219-AEB3-A376A275896D}
		{2FA061C3-7DAA-4827-A779-9473A46C5EB7} = {A5205FDA-3CED-495E-BAC1-86C1A928FEA0}
		{A9999C0F-CFA8-4C4A-836F-FDEB19032858} = {A5205FDA-3CED-495E-BAC1-86C1A928FEA0}
		{215443C5-2260-4EB6-9548-F0A8DEDC57BC} = {A5205FDA-3CED-495E-BAC1-86C1A928FEA0}
		{CADEF834-8C14-4FA6-96A6-77D71A38AE11} = {A5205FDA-3CED-495E-BAC1-86C1A928FEA0}
		{4D8A655E-F3B9-45DA-B06D-66F3E62FF0C8} = {A5205FDA-3CED-495E-BAC1-86C1A928FEA0}
		{56377A34-8380-466A-8CD1-4883AA95D40B} = {A5205FDA-3CED-495E-BAC1-86C1A928FEA0}
		{0661DC25-DC96-4105-B3BE-A9F400611442} = {3364CE32-EAD7-4F27-8286-70E76E6BDC0D}
		{2216F7A3-D6B0-4055-9834-E843758F7F00} = {3364CE32-EAD7-4F27-8286-70E76E6BDC0D}
		{EAF3E0FD-8274-4F84-9A37-7E4B7F5790AB} = {25E5FE24-D5E1-4639-8E89-AEB07B51463B}
		{F1DAE701-20E1-4ADD-B8A2-AB46B1DCEAF0} = {25E5FE24-D5E1-4639-8E89-AEB07B51463B}
		{482A0769-0014-4171-8F67-39E3BCBC53B3} = {25E5FE24-D5E1-4639-8E89-AEB07B51463B}
		{B02AC544-F12B-40FC-91D5-A5CC1DA4D940} = {25E5FE24-D5E1-4639-8E89-AEB07B51463B}
		{F3DB43C3-28E2-4344-AB93-01FCCEAB6181} = {25E5FE24-D5E1-4639-8E89-AEB07B51463B}
		{BCF2A2B9-1B7B-4B95-92C9-DFD3FBCD747B} = {25E5FE24-D5E1-4639-8E89-AEB07B51463B}
		{0C1FEBF4-DA20-4051-AC9F-7A02D0161B21} = {25E5FE24-D5E1-4639-8E89-AEB07B51463B}
		{8CBEA99C-63DC-4F47-984B-0D98145716E0} = {25E5FE24-D5E1-4639-8E89-AEB07B51463B}
		{9FE6F9CC-723D-4B6A-BEFD-0898AD15B90E} = {9760BF34-2EAA-4ECB-9CB1-D0A3E6F38025}
		{B78EA048-F6B9-40E1-A1DE-BDA16F9613B2} = {22A8FD83-B044-4696-8717-5F8827397CD6}
		{44E8BF2A-C17C-460D-A60B-E9244F143D41} = {22A8FD83-B044-4696-8717-5F8827397CD6}
		{232BDE93-4421-43E5-8363-26070C257751} = {128E6B11-208B-42B0-BF8E-E55194493051}
		{902A33B4-8A2F-431F-BC65-6683F74DA522} = {128E6B11-208B-42B0-BF8E-E55194493051}
		{4659E6AF-FFAB-4031-9CF4-566C172B3684} = {0DA058F0-5936-4368-A45C-82A8CAFA4BC3}
		{94BD5681-2FF6-420A-B5F7-3B38B97B10FB} = {9C82E0B7-2F51-4C8A-A841-6E689D6331D2}
		{D896B2B8-34BE-4B2E-AD08-2DA6E27E8332} = {9C82E0B7-2F51-4C8A-A841-6E689D6331D2}
		{45A0FC0E-DB25-4340-ABED-685C8CE7BD11} = {9A61B082-F340-41B7-BB77-5FBE79AFFA85}
		{D8CCAC58-B039-4D25-A262-23E44EBE08DD} = {9A61B082-F340-41B7-BB77-5FBE79AFFA85}
		{C3E3927C-FA65-432C-9C35-B5AEF028ACEE} = {AFDC2A4C-B1E9-422F-9EB9-ABAC6FE9C629}
		{E23140E2-3106-4544-B4C7-7D26A51F2D45} = {AFDC2A4C-B1E9-422F-9EB9-ABAC6FE9C629}
		{8C349676-E03E-4C78-B35F-99ADA7AC228F} = {C2E7ACCB-E206-4CB0-A6A5-C8ACE5D47D3E}
		{B5525ECE-3417-4A05-880D-46BFBDBC0D30} = {C2E7ACCB-E206-4CB0-A6A5-C8ACE5D47D3E}
		{E5702C4C-E0B4-422C-ABB7-A0D90B5D9A67} = {89A06CF1-B582-4891-A9D3-54B821A530F4}
		{09D6DB04-15C8-42F7-96E1-4D8D8C88CA0C} = {89A06CF1-B582-4891-A9D3-54B821A530F4}
		{B95281CC-4E16-48AB-8791-8CEBA07AA8CA} = {89A06CF1-B582-4891-A9D3-54B821A530F4}
		{CE53B7E6-778D-4714-8F28-DE11C48AAE56} = {89A06CF1-B582-4891-A9D3-54B821A530F4}
		{086D391C-24CB-4297-8893-CA89212FA977} = {89A06CF1-B582-4891-A9D3-54B821A530F4}
		{9EEAB7E4-A3E9-4A7D-8C6B-5BD67A9DD0E9} = {89A06CF1-B582-4891-A9D3-54B821A530F4}
		{5DEAD6EE-5FB1-4175-8C6E-02C5B0B95D40} = {89A06CF1-B582-4891-A9D3-54B821A530F4}
		{2BD53DAD-362B-47BD-B9FC-55235B496578} = {896E1847-1ACE-43A6-96AB-A4D9533BBDAC}
		{B590DC8F-C737-439F-9D66-EBD8395F47FB} = {896E1847-1ACE-43A6-96AB-A4D9533BBDAC}
		{09826AE4-21D8-498B-A73B-6FD8D2B282B5} = {896E1847-1ACE-43A6-96AB-A4D9533BBDAC}
		{2FAF6326-0DAC-4619-BCDB-976C838AA19F} = {896E1847-1ACE-43A6-96AB-A4D9533BBDAC}
		{0E3CF421-2A4C-4EB1-B14C-E9A59F50EECF} = {896E1847-1ACE-43A6-96AB-A4D9533BBDAC}
		{38A30FD5-3563-4B62-8ECD-C3FBA629930C} = {2DA948B4-14DC-4F1F-A3C1-6A3E5DC0D7D4}
		{DD22BCFB-9680-46FD-B35E-2AFB48C65CF7} = {2DA948B4-14DC-4F1F-A3C1-6A3E5DC0D7D4}
		{701837FD-2243-4617-8EEF-0365F309C026} = {2DA948B4-14DC-4F1F-A3C1-6A3E5DC0D7D4}
		{43F6C6C5-62F8-4B4E-9E0C-33B91CFDC950} = {DDC26B69-5C2E-46EB-A7AE-185455C72BB9}
		{F15BC472-39DA-4C8F-9634-89B47A13B826} = {DDC26B69-5C2E-46EB-A7AE-185455C72BB9}
		{EE0FB003-700C-4706-8446-49C613E12DDC} = {3DA7DA10-BF94-4209-BF07-4F0B59BBB193}
		{5924184D-EDA0-42C6-8F19-9BD0F9F7256C} = {3DA7DA10-BF94-4209-BF07-4F0B59BBB193}
		{A49032C4-75B9-4E1B-921F-035F2C79F4C4} = {3DA7DA10-BF94-4209-BF07-4F0B59BBB193}
		{55DBB793-2048-4447-A5E4-FBBE192F2A65} = {3DA7DA10-BF94-4209-BF07-4F0B59BBB193}
		{D33CCE8E-934A-4D4A-9E72-46B0DE1C38F5} = {3DA7DA10-BF94-4209-BF07-4F0B59BBB193}
		{434AFB6A-F990-4570-991B-1F0046D4355B} = {3DA7DA10-BF94-4209-BF07-4F0B59BBB193}
	EndGlobalSection
	GlobalSection(ExtensibilityGlobals) = postSolution
		SolutionGuid = {A3B445EE-9651-42E5-BCE6-1443CF1729F5}
	EndGlobalSection
EndGlobal
