
Microsoft Visual Studio Solution File, Format Version 12.00
# Visual Studio Version 17
VisualStudioVersion = 17.8.34511.84
MinimumVisualStudioVersion = 10.0.40219.1
Project("{9A19103F-16F7-4668-BE54-9A1E7A4F7556}") = "BuilderExercise", "Builder\BuilderExercise\BuilderExercise.csproj", "{AFBEB52F-470C-4171-866F-4E862C625DC9}"
EndProject
Project("{2150E333-8FDC-42A3-9474-1A3956D46DE8}") = "Builder", "Builder", "{D25D63D4-1233-420B-8A60-2668CC6589F0}"
EndProject
Project("{9A19103F-16F7-4668-BE54-9A1E7A4F7556}") = "FactedBuilder", "Builder\FactedBuilder\FactedBuilder.csproj", "{265FAFA9-5132-4E66-8DCE-7AC2F40E0E73}"
EndProject
Project("{9A19103F-16F7-4668-BE54-9A1E7A4F7556}") = "FluentBuilder", "Builder\FluentBuilder\FluentBuilder.csproj", "{F1241A35-1104-48D4-BD42-C8A67AB673C1}"
EndProject
Project("{9A19103F-16F7-4668-BE54-9A1E7A4F7556}") = "FluentBuilderInheritanceWithRecursion", "Builder\FluentBuilderInheritanceWithRecursion\FluentBuilderInheritanceWithRecursion.csproj", "{3B2727B8-0F21-4806-8B01-C27FD3DD71C0}"
EndProject
Project("{9A19103F-16F7-4668-BE54-9A1E7A4F7556}") = "FuncitonalBuilder", "Builder\FuncitonalBuilder\FuncitonalBuilder.csproj", "{8EF6A7BA-E7CF-4FB7-A180-C17ACD8D6615}"
EndProject
Project("{9A19103F-16F7-4668-BE54-9A1E7A4F7556}") = "StepWiseBuilder", "Builder\StepWiseBuilder\StepWiseBuilder.csproj", "{2D0F5684-58CC-4EEB-B751-A7F37CD1E5CF}"
EndProject
Project("{2150E333-8FDC-42A3-9474-1A3956D46DE8}") = "Factory", "Factory", "{4078F420-B6CD-440C-B336-4DCCE70F255A}"
EndProject
Project("{9A19103F-16F7-4668-BE54-9A1E7A4F7556}") = "AsyncchronousFactory", "Factory\AsyncchronousFactory\AsyncchronousFactory.csproj", "{AAB4C0FC-10F5-43BF-95B1-70CF9652AA12}"
EndProject
Project("{9A19103F-16F7-4668-BE54-9A1E7A4F7556}") = "AbstractFactory", "Factory\AbstractFactory\AbstractFactory.csproj", "{4FD69ECD-DFB2-409D-90D3-4C6D0B9B3D0B}"
EndProject
Project("{9A19103F-16F7-4668-BE54-9A1E7A4F7556}") = "FactoryExercise", "Factory\FactoryExercise\FactoryExercise.csproj", "{86394E5B-50E5-4317-857B-458D659CC945}"
EndProject
Project("{9A19103F-16F7-4668-BE54-9A1E7A4F7556}") = "Point", "Factory\Point\Point.csproj", "{336E76EB-D9EF-4B59-BDFE-05E15D7B3908}"
EndProject
Project("{9A19103F-16F7-4668-BE54-9A1E7A4F7556}") = "ThemeDemo", "Factory\ThemeDemo\ThemeDemo.csproj", "{0BA20011-7A71-4418-9BA2-BA1DF148377C}"
EndProject
Project("{9A19103F-16F7-4668-BE54-9A1E7A4F7556}") = "SingleResponsibilityPrinciple", "SOLID\SingleResponsibilityPrinciple.csproj", "{B911E499-E367-4F92-B13C-E12D367B0A99}"
EndProject
Project("{2150E333-8FDC-42A3-9474-1A3956D46DE8}") = "SOLID", "SOLID", "{12590663-01B7-4CEA-AD30-1D86FA01BCEC}"
EndProject
Project("{2150E333-8FDC-42A3-9474-1A3956D46DE8}") = "Prototype", "Prototype", "{29791D3F-F0E7-405B-8F13-B082DCE348DC}"
EndProject
Project("{9A19103F-16F7-4668-BE54-9A1E7A4F7556}") = "ICloneableDemo", "Prototype\ICloneableDemo\ICloneableDemo.csproj", "{079443E8-55EC-4F19-BA54-BF196A8E2651}"
EndProject
Project("{9A19103F-16F7-4668-BE54-9A1E7A4F7556}") = "PrototypeInheritance", "Prototype\PrototypeInheritance\PrototypeInheritance.csproj", "{88522233-54A1-4296-9BED-25FD4150793F}"
EndProject
Project("{9A19103F-16F7-4668-BE54-9A1E7A4F7556}") = "CopySerialization", "Prototype\CopySerialization\CopySerialization.csproj", "{2182157A-9400-494C-8A0B-F4AA51616099}"
EndProject
Project("{2150E333-8FDC-42A3-9474-1A3956D46DE8}") = "Singleton", "Singleton", "{6C8440C2-2D95-44D7-AA38-8D0CA428983B}"
EndProject
Project("{9A19103F-16F7-4668-BE54-9A1E7A4F7556}") = "SingletonImplementation", "Singleton\SingletonImplementation\SingletonImplementation.csproj", "{E895E54C-1494-4C29-A366-3D106AA941C0}"
EndProject
Project("{FAE04EC0-301F-11D3-BF4B-00C04F79EFBC}") = "Monostate", "Singleton\Monostate\Monostate.csproj", "{0F467726-6F38-46AF-B7EE-34E29AF78B3A}"
EndProject
Project("{FAE04EC0-301F-11D3-BF4B-00C04F79EFBC}") = "PerThreadSingleton", "Singleton\PerThreadSingleton\PerThreadSingleton.csproj", "{81F414FF-BEC2-4FB3-B026-59897F9B80D1}"
EndProject
Project("{FAE04EC0-301F-11D3-BF4B-00C04F79EFBC}") = "AmbientContext", "Singleton\AmbientContext\AmbientContext.csproj", "{19735670-7C92-4D1E-9767-905F5D00CD4C}"
EndProject
Global
	GlobalSection(SolutionConfigurationPlatforms) = preSolution
		Debug|Any CPU = Debug|Any CPU
		Release|Any CPU = Release|Any CPU
	EndGlobalSection
	GlobalSection(ProjectConfigurationPlatforms) = postSolution
		{AFBEB52F-470C-4171-866F-4E862C625DC9}.Debug|Any CPU.ActiveCfg = Debug|Any CPU
		{AFBEB52F-470C-4171-866F-4E862C625DC9}.Debug|Any CPU.Build.0 = Debug|Any CPU
		{AFBEB52F-470C-4171-866F-4E862C625DC9}.Release|Any CPU.ActiveCfg = Release|Any CPU
		{AFBEB52F-470C-4171-866F-4E862C625DC9}.Release|Any CPU.Build.0 = Release|Any CPU
		{265FAFA9-5132-4E66-8DCE-7AC2F40E0E73}.Debug|Any CPU.ActiveCfg = Debug|Any CPU
		{265FAFA9-5132-4E66-8DCE-7AC2F40E0E73}.Debug|Any CPU.Build.0 = Debug|Any CPU
		{265FAFA9-5132-4E66-8DCE-7AC2F40E0E73}.Release|Any CPU.ActiveCfg = Release|Any CPU
		{265FAFA9-5132-4E66-8DCE-7AC2F40E0E73}.Release|Any CPU.Build.0 = Release|Any CPU
		{F1241A35-1104-48D4-BD42-C8A67AB673C1}.Debug|Any CPU.ActiveCfg = Debug|Any CPU
		{F1241A35-1104-48D4-BD42-C8A67AB673C1}.Debug|Any CPU.Build.0 = Debug|Any CPU
		{F1241A35-1104-48D4-BD42-C8A67AB673C1}.Release|Any CPU.ActiveCfg = Release|Any CPU
		{F1241A35-1104-48D4-BD42-C8A67AB673C1}.Release|Any CPU.Build.0 = Release|Any CPU
		{3B2727B8-0F21-4806-8B01-C27FD3DD71C0}.Debug|Any CPU.ActiveCfg = Debug|Any CPU
		{3B2727B8-0F21-4806-8B01-C27FD3DD71C0}.Debug|Any CPU.Build.0 = Debug|Any CPU
		{3B2727B8-0F21-4806-8B01-C27FD3DD71C0}.Release|Any CPU.ActiveCfg = Release|Any CPU
		{3B2727B8-0F21-4806-8B01-C27FD3DD71C0}.Release|Any CPU.Build.0 = Release|Any CPU
		{8EF6A7BA-E7CF-4FB7-A180-C17ACD8D6615}.Debug|Any CPU.ActiveCfg = Debug|Any CPU
		{8EF6A7BA-E7CF-4FB7-A180-C17ACD8D6615}.Debug|Any CPU.Build.0 = Debug|Any CPU
		{8EF6A7BA-E7CF-4FB7-A180-C17ACD8D6615}.Release|Any CPU.ActiveCfg = Release|Any CPU
		{8EF6A7BA-E7CF-4FB7-A180-C17ACD8D6615}.Release|Any CPU.Build.0 = Release|Any CPU
		{2D0F5684-58CC-4EEB-B751-A7F37CD1E5CF}.Debug|Any CPU.ActiveCfg = Debug|Any CPU
		{2D0F5684-58CC-4EEB-B751-A7F37CD1E5CF}.Debug|Any CPU.Build.0 = Debug|Any CPU
		{2D0F5684-58CC-4EEB-B751-A7F37CD1E5CF}.Release|Any CPU.ActiveCfg = Release|Any CPU
		{2D0F5684-58CC-4EEB-B751-A7F37CD1E5CF}.Release|Any CPU.Build.0 = Release|Any CPU
		{AAB4C0FC-10F5-43BF-95B1-70CF9652AA12}.Debug|Any CPU.ActiveCfg = Debug|Any CPU
		{AAB4C0FC-10F5-43BF-95B1-70CF9652AA12}.Debug|Any CPU.Build.0 = Debug|Any CPU
		{AAB4C0FC-10F5-43BF-95B1-70CF9652AA12}.Release|Any CPU.ActiveCfg = Release|Any CPU
		{AAB4C0FC-10F5-43BF-95B1-70CF9652AA12}.Release|Any CPU.Build.0 = Release|Any CPU
		{4FD69ECD-DFB2-409D-90D3-4C6D0B9B3D0B}.Debug|Any CPU.ActiveCfg = Debug|Any CPU
		{4FD69ECD-DFB2-409D-90D3-4C6D0B9B3D0B}.Debug|Any CPU.Build.0 = Debug|Any CPU
		{4FD69ECD-DFB2-409D-90D3-4C6D0B9B3D0B}.Release|Any CPU.ActiveCfg = Release|Any CPU
		{4FD69ECD-DFB2-409D-90D3-4C6D0B9B3D0B}.Release|Any CPU.Build.0 = Release|Any CPU
		{86394E5B-50E5-4317-857B-458D659CC945}.Debug|Any CPU.ActiveCfg = Debug|Any CPU
		{86394E5B-50E5-4317-857B-458D659CC945}.Debug|Any CPU.Build.0 = Debug|Any CPU
		{86394E5B-50E5-4317-857B-458D659CC945}.Release|Any CPU.ActiveCfg = Release|Any CPU
		{86394E5B-50E5-4317-857B-458D659CC945}.Release|Any CPU.Build.0 = Release|Any CPU
		{336E76EB-D9EF-4B59-BDFE-05E15D7B3908}.Debug|Any CPU.ActiveCfg = Debug|Any CPU
		{336E76EB-D9EF-4B59-BDFE-05E15D7B3908}.Debug|Any CPU.Build.0 = Debug|Any CPU
		{336E76EB-D9EF-4B59-BDFE-05E15D7B3908}.Release|Any CPU.ActiveCfg = Release|Any CPU
		{336E76EB-D9EF-4B59-BDFE-05E15D7B3908}.Release|Any CPU.Build.0 = Release|Any CPU
		{0BA20011-7A71-4418-9BA2-BA1DF148377C}.Debug|Any CPU.ActiveCfg = Debug|Any CPU
		{0BA20011-7A71-4418-9BA2-BA1DF148377C}.Debug|Any CPU.Build.0 = Debug|Any CPU
		{0BA20011-7A71-4418-9BA2-BA1DF148377C}.Release|Any CPU.ActiveCfg = Release|Any CPU
		{0BA20011-7A71-4418-9BA2-BA1DF148377C}.Release|Any CPU.Build.0 = Release|Any CPU
		{B911E499-E367-4F92-B13C-E12D367B0A99}.Debug|Any CPU.ActiveCfg = Debug|Any CPU
		{B911E499-E367-4F92-B13C-E12D367B0A99}.Debug|Any CPU.Build.0 = Debug|Any CPU
		{B911E499-E367-4F92-B13C-E12D367B0A99}.Release|Any CPU.ActiveCfg = Release|Any CPU
		{B911E499-E367-4F92-B13C-E12D367B0A99}.Release|Any CPU.Build.0 = Release|Any CPU
		{079443E8-55EC-4F19-BA54-BF196A8E2651}.Debug|Any CPU.ActiveCfg = Debug|Any CPU
		{079443E8-55EC-4F19-BA54-BF196A8E2651}.Debug|Any CPU.Build.0 = Debug|Any CPU
		{079443E8-55EC-4F19-BA54-BF196A8E2651}.Release|Any CPU.ActiveCfg = Release|Any CPU
		{079443E8-55EC-4F19-BA54-BF196A8E2651}.Release|Any CPU.Build.0 = Release|Any CPU
		{88522233-54A1-4296-9BED-25FD4150793F}.Debug|Any CPU.ActiveCfg = Debug|Any CPU
		{88522233-54A1-4296-9BED-25FD4150793F}.Debug|Any CPU.Build.0 = Debug|Any CPU
		{88522233-54A1-4296-9BED-25FD4150793F}.Release|Any CPU.ActiveCfg = Release|Any CPU
		{88522233-54A1-4296-9BED-25FD4150793F}.Release|Any CPU.Build.0 = Release|Any CPU
		{2182157A-9400-494C-8A0B-F4AA51616099}.Debug|Any CPU.ActiveCfg = Debug|Any CPU
		{2182157A-9400-494C-8A0B-F4AA51616099}.Debug|Any CPU.Build.0 = Debug|Any CPU
		{2182157A-9400-494C-8A0B-F4AA51616099}.Release|Any CPU.ActiveCfg = Release|Any CPU
		{2182157A-9400-494C-8A0B-F4AA51616099}.Release|Any CPU.Build.0 = Release|Any CPU
		{E895E54C-1494-4C29-A366-3D106AA941C0}.Debug|Any CPU.ActiveCfg = Debug|Any CPU
		{E895E54C-1494-4C29-A366-3D106AA941C0}.Debug|Any CPU.Build.0 = Debug|Any CPU
		{E895E54C-1494-4C29-A366-3D106AA941C0}.Release|Any CPU.ActiveCfg = Release|Any CPU
		{E895E54C-1494-4C29-A366-3D106AA941C0}.Release|Any CPU.Build.0 = Release|Any CPU
		{0F467726-6F38-46AF-B7EE-34E29AF78B3A}.Debug|Any CPU.ActiveCfg = Debug|Any CPU
		{0F467726-6F38-46AF-B7EE-34E29AF78B3A}.Debug|Any CPU.Build.0 = Debug|Any CPU
		{0F467726-6F38-46AF-B7EE-34E29AF78B3A}.Release|Any CPU.ActiveCfg = Release|Any CPU
		{0F467726-6F38-46AF-B7EE-34E29AF78B3A}.Release|Any CPU.Build.0 = Release|Any CPU
		{81F414FF-BEC2-4FB3-B026-59897F9B80D1}.Debug|Any CPU.ActiveCfg = Debug|Any CPU
		{81F414FF-BEC2-4FB3-B026-59897F9B80D1}.Debug|Any CPU.Build.0 = Debug|Any CPU
		{81F414FF-BEC2-4FB3-B026-59897F9B80D1}.Release|Any CPU.ActiveCfg = Release|Any CPU
		{81F414FF-BEC2-4FB3-B026-59897F9B80D1}.Release|Any CPU.Build.0 = Release|Any CPU
		{19735670-7C92-4D1E-9767-905F5D00CD4C}.Debug|Any CPU.ActiveCfg = Debug|Any CPU
		{19735670-7C92-4D1E-9767-905F5D00CD4C}.Debug|Any CPU.Build.0 = Debug|Any CPU
		{19735670-7C92-4D1E-9767-905F5D00CD4C}.Release|Any CPU.ActiveCfg = Release|Any CPU
		{19735670-7C92-4D1E-9767-905F5D00CD4C}.Release|Any CPU.Build.0 = Release|Any CPU
	EndGlobalSection
	GlobalSection(SolutionProperties) = preSolution
		HideSolutionNode = FALSE
	EndGlobalSection
	GlobalSection(NestedProjects) = preSolution
		{AFBEB52F-470C-4171-866F-4E862C625DC9} = {D25D63D4-1233-420B-8A60-2668CC6589F0}
		{265FAFA9-5132-4E66-8DCE-7AC2F40E0E73} = {D25D63D4-1233-420B-8A60-2668CC6589F0}
		{F1241A35-1104-48D4-BD42-C8A67AB673C1} = {D25D63D4-1233-420B-8A60-2668CC6589F0}
		{3B2727B8-0F21-4806-8B01-C27FD3DD71C0} = {D25D63D4-1233-420B-8A60-2668CC6589F0}
		{8EF6A7BA-E7CF-4FB7-A180-C17ACD8D6615} = {D25D63D4-1233-420B-8A60-2668CC6589F0}
		{2D0F5684-58CC-4EEB-B751-A7F37CD1E5CF} = {D25D63D4-1233-420B-8A60-2668CC6589F0}
		{AAB4C0FC-10F5-43BF-95B1-70CF9652AA12} = {4078F420-B6CD-440C-B336-4DCCE70F255A}
		{4FD69ECD-DFB2-409D-90D3-4C6D0B9B3D0B} = {4078F420-B6CD-440C-B336-4DCCE70F255A}
		{86394E5B-50E5-4317-857B-458D659CC945} = {4078F420-B6CD-440C-B336-4DCCE70F255A}
		{336E76EB-D9EF-4B59-BDFE-05E15D7B3908} = {4078F420-B6CD-440C-B336-4DCCE70F255A}
		{0BA20011-7A71-4418-9BA2-BA1DF148377C} = {4078F420-B6CD-440C-B336-4DCCE70F255A}
		{B911E499-E367-4F92-B13C-E12D367B0A99} = {12590663-01B7-4CEA-AD30-1D86FA01BCEC}
		{079443E8-55EC-4F19-BA54-BF196A8E2651} = {29791D3F-F0E7-405B-8F13-B082DCE348DC}
		{88522233-54A1-4296-9BED-25FD4150793F} = {29791D3F-F0E7-405B-8F13-B082DCE348DC}
		{2182157A-9400-494C-8A0B-F4AA51616099} = {29791D3F-F0E7-405B-8F13-B082DCE348DC}
		{E895E54C-1494-4C29-A366-3D106AA941C0} = {6C8440C2-2D95-44D7-AA38-8D0CA428983B}
		{0F467726-6F38-46AF-B7EE-34E29AF78B3A} = {6C8440C2-2D95-44D7-AA38-8D0CA428983B}
		{81F414FF-BEC2-4FB3-B026-59897F9B80D1} = {6C8440C2-2D95-44D7-AA38-8D0CA428983B}
		{19735670-7C92-4D1E-9767-905F5D00CD4C} = {6C8440C2-2D95-44D7-AA38-8D0CA428983B}
	EndGlobalSection
	GlobalSection(ExtensibilityGlobals) = postSolution
		SolutionGuid = {3E17ABDF-4897-4E70-92F7-F155B1C05506}
	EndGlobalSection
EndGlobal
