
Microsoft Visual Studio Solution File, Format Version 12.00
# Visual Studio Version 17
VisualStudioVersion = 17.8.34511.84
MinimumVisualStudioVersion = 10.0.40219.1
Project("{9A19103F-16F7-4668-BE54-9A1E7A4F7556}") = "BuilderExercise", "Builder\BuilderExercise\BuilderExercise.csproj", "{AFBEB52F-470C-4171-866F-4E862C625DC9}"
EndProject
Project("{2150E333-8FDC-42A3-9474-1A3956D46DE8}") = "Builder", "Builder", "{D25D63D4-1233-420B-8A60-2668CC6589F0}"
EndProject
Project("{9A19103F-16F7-4668-BE54-9A1E7A4F7556}") = "FactedBuilder", "Builder\FactedBuilder\FactedBuilder.csproj", "{265FAFA9-5132-4E66-8DCE-7AC2F40E0E73}"
EndProject
Project("{9A19103F-16F7-4668-BE54-9A1E7A4F7556}") = "FluentBuilder", "Builder\FluentBuilder\FluentBuilder.csproj", "{F1241A35-1104-48D4-BD42-C8A67AB673C1}"
EndProject
Project("{9A19103F-16F7-4668-BE54-9A1E7A4F7556}") = "FluentBuilderInheritanceWithRecursion", "Builder\FluentBuilderInheritanceWithRecursion\FluentBuilderInheritanceWithRecursion.csproj", "{3B2727B8-0F21-4806-8B01-C27FD3DD71C0}"
EndProject
Project("{9A19103F-16F7-4668-BE54-9A1E7A4F7556}") = "FuncitonalBuilder", "Builder\FuncitonalBuilder\FuncitonalBuilder.csproj", "{8EF6A7BA-E7CF-4FB7-A180-C17ACD8D6615}"
EndProject
Project("{9A19103F-16F7-4668-BE54-9A1E7A4F7556}") = "StepWiseBuilder", "Builder\StepWiseBuilder\StepWiseBuilder.csproj", "{2D0F5684-58CC-4EEB-B751-A7F37CD1E5CF}"
EndProject
Project("{2150E333-8FDC-42A3-9474-1A3956D46DE8}") = "Factory", "Factory", "{4078F420-B6CD-440C-B336-4DCCE70F255A}"
EndProject
Project("{9A19103F-16F7-4668-BE54-9A1E7A4F7556}") = "AsyncchronousFactory", "Factory\AsyncchronousFactory\AsyncchronousFactory.csproj", "{AAB4C0FC-10F5-43BF-95B1-70CF9652AA12}"
EndProject
Project("{9A19103F-16F7-4668-BE54-9A1E7A4F7556}") = "AbstractFactory", "Factory\AbstractFactory\AbstractFactory.csproj", "{4FD69ECD-DFB2-409D-90D3-4C6D0B9B3D0B}"
EndProject
Project("{9A19103F-16F7-4668-BE54-9A1E7A4F7556}") = "FactoryExercise", "Factory\FactoryExercise\FactoryExercise.csproj", "{86394E5B-50E5-4317-857B-458D659CC945}"
EndProject
Project("{9A19103F-16F7-4668-BE54-9A1E7A4F7556}") = "Point", "Factory\Point\Point.csproj", "{336E76EB-D9EF-4B59-BDFE-05E15D7B3908}"
EndProject
Project("{9A19103F-16F7-4668-BE54-9A1E7A4F7556}") = "ThemeDemo", "Factory\ThemeDemo\ThemeDemo.csproj", "{0BA20011-7A71-4418-9BA2-BA1DF148377C}"
EndProject
Project("{9A19103F-16F7-4668-BE54-9A1E7A4F7556}") = "SingleResponsibilityPrinciple", "SOLID\SingleResponsibilityPrinciple.csproj", "{B911E499-E367-4F92-B13C-E12D367B0A99}"
EndProject
Project("{2150E333-8FDC-42A3-9474-1A3956D46DE8}") = "SOLID", "SOLID", "{12590663-01B7-4CEA-AD30-1D86FA01BCEC}"
EndProject
Project("{2150E333-8FDC-42A3-9474-1A3956D46DE8}") = "Prototype", "Prototype", "{29791D3F-F0E7-405B-8F13-B082DCE348DC}"
EndProject
Project("{9A19103F-16F7-4668-BE54-9A1E7A4F7556}") = "ICloneableDemo", "Prototype\ICloneableDemo\ICloneableDemo.csproj", "{079443E8-55EC-4F19-BA54-BF196A8E2651}"
EndProject
Project("{9A19103F-16F7-4668-BE54-9A1E7A4F7556}") = "PrototypeInheritance", "Prototype\PrototypeInheritance\PrototypeInheritance.csproj", "{88522233-54A1-4296-9BED-25FD4150793F}"
EndProject
Project("{9A19103F-16F7-4668-BE54-9A1E7A4F7556}") = "CopySerialization", "Prototype\CopySerialization\CopySerialization.csproj", "{2182157A-9400-494C-8A0B-F4AA51616099}"
EndProject
Project("{2150E333-8FDC-42A3-9474-1A3956D46DE8}") = "Singleton", "Singleton", "{6C8440C2-2D95-44D7-AA38-8D0CA428983B}"
EndProject
Project("{9A19103F-16F7-4668-BE54-9A1E7A4F7556}") = "SingletonImplementation", "Singleton\SingletonImplementation\SingletonImplementation.csproj", "{E895E54C-1494-4C29-A366-3D106AA941C0}"
EndProject
Project("{9A19103F-16F7-4668-BE54-9A1E7A4F7556}") = "Monostate", "Singleton\Monostate\Monostate.csproj", "{0F467726-6F38-46AF-B7EE-34E29AF78B3A}"
EndProject
Project("{9A19103F-16F7-4668-BE54-9A1E7A4F7556}") = "PerThreadSingleton", "Singleton\PerThreadSingleton\PerThreadSingleton.csproj", "{81F414FF-BEC2-4FB3-B026-59897F9B80D1}"
EndProject
Project("{9A19103F-16F7-4668-BE54-9A1E7A4F7556}") = "AmbientContext", "Singleton\AmbientContext\AmbientContext.csproj", "{19735670-7C92-4D1E-9767-905F5D00CD4C}"
EndProject
Project("{9A19103F-16F7-4668-BE54-9A1E7A4F7556}") = "Line2PointAdapter", "Adapter\Line2PointAdapter\Line2PointAdapter.csproj", "{E124A049-E5D3-4400-974F-599B1A4B0978}"
EndProject
Project("{2150E333-8FDC-42A3-9474-1A3956D46DE8}") = "Adapter", "Adapter", "{DA6ACF91-97B7-4059-AD10-2211A6F4B90E}"
EndProject
Project("{9A19103F-16F7-4668-BE54-9A1E7A4F7556}") = "Line2PointAdapterWithCache", "Adapter\Line2PointAdapterWithCache\Line2PointAdapterWithCache.csproj", "{68C66B28-EAAC-458E-BE14-7A892C87160D}"
EndProject
Project("{9A19103F-16F7-4668-BE54-9A1E7A4F7556}") = "GenericValueAdapter", "Adapter\GenericValueAdapter\GenericValueAdapter.csproj", "{F8FE9371-B1C4-4E09-A5FC-97D79BE15E57}"
EndProject
Project("{9A19103F-16F7-4668-BE54-9A1E7A4F7556}") = "AdapterInDI", "Adapter\AdapterInDI\AdapterInDI.csproj", "{9A4D1CA2-E4BB-40A9-9FAE-8F304B5266CA}"
EndProject
Project("{2150E333-8FDC-42A3-9474-1A3956D46DE8}") = "Bridge", "Bridge", "{9760BF34-2EAA-4ECB-9CB1-D0A3E6F38025}"
EndProject
Project("{2150E333-8FDC-42A3-9474-1A3956D46DE8}") = "Composite", "Composite", "{2B5328A4-1336-4219-AEB3-A376A275896D}"
EndProject
Project("{9A19103F-16F7-4668-BE54-9A1E7A4F7556}") = "GeometricShapes", "Composite\GeometricShapes\GeometricShapes.csproj", "{17A4BC06-F6A9-40EC-8A8C-D2C5AB3858CB}"
EndProject
Project("{9A19103F-16F7-4668-BE54-9A1E7A4F7556}") = "NeuralNetworks", "Composite\NeuralNetworks\NeuralNetworks.csproj", "{427A8829-BF39-4E0A-B5BE-99A0E3DFD79B}"
EndProject
Project("{2150E333-8FDC-42A3-9474-1A3956D46DE8}") = "Decorator", "Decorator", "{A5205FDA-3CED-495E-BAC1-86C1A928FEA0}"
EndProject
Project("{9A19103F-16F7-4668-BE54-9A1E7A4F7556}") = "CustomStringBuilder", "Decorator\CustomStringBuilder\CustomStringBuilder.csproj", "{2FA061C3-7DAA-4827-A779-9473A46C5EB7}"
EndProject
Project("{9A19103F-16F7-4668-BE54-9A1E7A4F7556}") = "AdapterDecorator", "Decorator\AdapterDecorator\AdapterDecorator.csproj", "{A9999C0F-CFA8-4C4A-836F-FDEB19032858}"
EndProject
Project("{9A19103F-16F7-4668-BE54-9A1E7A4F7556}") = "MultipleInheritance", "Decorator\MultipleInheritance\MultipleInheritance.csproj", "{215443C5-2260-4EB6-9548-F0A8DEDC57BC}"
EndProject
Project("{9A19103F-16F7-4668-BE54-9A1E7A4F7556}") = "DynamicDecorator", "Decorator\DynamicDecorator\DynamicDecorator.csproj", "{CADEF834-8C14-4FA6-96A6-77D71A38AE11}"
EndProject
Project("{9A19103F-16F7-4668-BE54-9A1E7A4F7556}") = "CycleDetection", "Decorator\CycleDetection\CycleDetection.csproj", "{4D8A655E-F3B9-45DA-B06D-66F3E62FF0C8}"
EndProject
Project("{9A19103F-16F7-4668-BE54-9A1E7A4F7556}") = "DecoratorInDI", "Decorator\DecoratorInDI\DecoratorInDI.csproj", "{56377A34-8380-466A-8CD1-4883AA95D40B}"
EndProject
Project("{2150E333-8FDC-42A3-9474-1A3956D46DE8}") = "Flyweight", "Flyweight", "{3364CE32-EAD7-4F27-8286-70E76E6BDC0D}"
EndProject
Project("{9A19103F-16F7-4668-BE54-9A1E7A4F7556}") = "RepeatUsernames", "Flyweight\RepeatUsernames\RepeatUsernames.csproj", "{0661DC25-DC96-4105-B3BE-A9F400611442}"
EndProject
Project("{9A19103F-16F7-4668-BE54-9A1E7A4F7556}") = "TextFormatting", "Flyweight\TextFormatting\TextFormatting.csproj", "{2216F7A3-D6B0-4055-9834-E843758F7F00}"
EndProject
Project("{2150E333-8FDC-42A3-9474-1A3956D46DE8}") = "Proxy", "Proxy", "{25E5FE24-D5E1-4639-8E89-AEB07B51463B}"
EndProject
Project("{9A19103F-16F7-4668-BE54-9A1E7A4F7556}") = "ProtectionProxy", "Proxy\ProtectionProxy\ProtectionProxy.csproj", "{EAF3E0FD-8274-4F84-9A37-7E4B7F5790AB}"
EndProject
Project("{9A19103F-16F7-4668-BE54-9A1E7A4F7556}") = "PropertyProxy", "Proxy\PropertyProxy\PropertyProxy.csproj", "{F1DAE701-20E1-4ADD-B8A2-AB46B1DCEAF0}"
EndProject
Project("{9A19103F-16F7-4668-BE54-9A1E7A4F7556}") = "CompositeProxy", "Proxy\CompositeProxy\CompositeProxy.csproj", "{482A0769-0014-4171-8F67-39E3BCBC53B3}"
EndProject
Project("{9A19103F-16F7-4668-BE54-9A1E7A4F7556}") = "ValueProxy", "Proxy\ValueProxy\ValueProxy.csproj", "{B02AC544-F12B-40FC-91D5-A5CC1DA4D940}"
EndProject
Project("{9A19103F-16F7-4668-BE54-9A1E7A4F7556}") = "CompositeProxyWithArrayBackedProperties", "Proxy\CompositeProxyWithArrayBackedProperties\CompositeProxyWithArrayBackedProperties.csproj", "{F3DB43C3-28E2-4344-AB93-01FCCEAB6181}"
EndProject
Project("{9A19103F-16F7-4668-BE54-9A1E7A4F7556}") = "DynamitProxy", "Proxy\DynamitProxy\DynamitProxy.csproj", "{BCF2A2B9-1B7B-4B95-92C9-DFD3FBCD747B}"
EndProject
Project("{9A19103F-16F7-4668-BE54-9A1E7A4F7556}") = "ViewModel", "Proxy\ViewModel\ViewModel.csproj", "{0C1FEBF4-DA20-4051-AC9F-7A02D0161B21}"
EndProject
Project("{9A19103F-16F7-4668-BE54-9A1E7A4F7556}") = "BitFragging", "Proxy\BitFragging\BitFragging.csproj", "{8CBEA99C-63DC-4F47-984B-0D98145716E0}"
EndProject
Project("{9A19103F-16F7-4668-BE54-9A1E7A4F7556}") = "Bridge", "Bridge\Bridge\Bridge.csproj", "{9FE6F9CC-723D-4B6A-BEFD-0898AD15B90E}"
EndProject
Project("{2150E333-8FDC-42A3-9474-1A3956D46DE8}") = "ChainOfResponsibility", "ChainOfResponsibility", "{22A8FD83-B044-4696-8717-5F8827397CD6}"
EndProject
Project("{FAE04EC0-301F-11D3-BF4B-00C04F79EFBC}") = "MethodChain", "ChainOfResponsibility\MethodChain\MethodChain.csproj", "{B78EA048-F6B9-40E1-A1DE-BDA16F9613B2}"
EndProject
Project("{FAE04EC0-301F-11D3-BF4B-00C04F79EFBC}") = "BrokerChain", "ChainOfResponsibility\BrokerChain\BrokerChain.csproj", "{44E8BF2A-C17C-460D-A60B-E9244F143D41}"
EndProject
Project("{2150E333-8FDC-42A3-9474-1A3956D46DE8}") = "Command", "Command", "{128E6B11-208B-42B0-BF8E-E55194493051}"
EndProject
Project("{FAE04EC0-301F-11D3-BF4B-00C04F79EFBC}") = "CommandDemo", "Command\CommandDemo\CommandDemo.csproj", "{232BDE93-4421-43E5-8363-26070C257751}"
EndProject
Project("{FAE04EC0-301F-11D3-BF4B-00C04F79EFBC}") = "CompositeCommand", "Command\CompositeCommand\CompositeCommand.csproj", "{902A33B4-8A2F-431F-BC65-6683F74DA522}"
EndProject
Global
	GlobalSection(SolutionConfigurationPlatforms) = preSolution
		Debug|Any CPU = Debug|Any CPU
		Release|Any CPU = Release|Any CPU
	EndGlobalSection
	GlobalSection(ProjectConfigurationPlatforms) = postSolution
		{AFBEB52F-470C-4171-866F-4E862C625DC9}.Debug|Any CPU.ActiveCfg = Debug|Any CPU
		{AFBEB52F-470C-4171-866F-4E862C625DC9}.Debug|Any CPU.Build.0 = Debug|Any CPU
		{AFBEB52F-470C-4171-866F-4E862C625DC9}.Release|Any CPU.ActiveCfg = Release|Any CPU
		{AFBEB52F-470C-4171-866F-4E862C625DC9}.Release|Any CPU.Build.0 = Release|Any CPU
		{265FAFA9-5132-4E66-8DCE-7AC2F40E0E73}.Debug|Any CPU.ActiveCfg = Debug|Any CPU
		{265FAFA9-5132-4E66-8DCE-7AC2F40E0E73}.Debug|Any CPU.Build.0 = Debug|Any CPU
		{265FAFA9-5132-4E66-8DCE-7AC2F40E0E73}.Release|Any CPU.ActiveCfg = Release|Any CPU
		{265FAFA9-5132-4E66-8DCE-7AC2F40E0E73}.Release|Any CPU.Build.0 = Release|Any CPU
		{F1241A35-1104-48D4-BD42-C8A67AB673C1}.Debug|Any CPU.ActiveCfg = Debug|Any CPU
		{F1241A35-1104-48D4-BD42-C8A67AB673C1}.Debug|Any CPU.Build.0 = Debug|Any CPU
		{F1241A35-1104-48D4-BD42-C8A67AB673C1}.Release|Any CPU.ActiveCfg = Release|Any CPU
		{F1241A35-1104-48D4-BD42-C8A67AB673C1}.Release|Any CPU.Build.0 = Release|Any CPU
		{3B2727B8-0F21-4806-8B01-C27FD3DD71C0}.Debug|Any CPU.ActiveCfg = Debug|Any CPU
		{3B2727B8-0F21-4806-8B01-C27FD3DD71C0}.Debug|Any CPU.Build.0 = Debug|Any CPU
		{3B2727B8-0F21-4806-8B01-C27FD3DD71C0}.Release|Any CPU.ActiveCfg = Release|Any CPU
		{3B2727B8-0F21-4806-8B01-C27FD3DD71C0}.Release|Any CPU.Build.0 = Release|Any CPU
		{8EF6A7BA-E7CF-4FB7-A180-C17ACD8D6615}.Debug|Any CPU.ActiveCfg = Debug|Any CPU
		{8EF6A7BA-E7CF-4FB7-A180-C17ACD8D6615}.Debug|Any CPU.Build.0 = Debug|Any CPU
		{8EF6A7BA-E7CF-4FB7-A180-C17ACD8D6615}.Release|Any CPU.ActiveCfg = Release|Any CPU
		{8EF6A7BA-E7CF-4FB7-A180-C17ACD8D6615}.Release|Any CPU.Build.0 = Release|Any CPU
		{2D0F5684-58CC-4EEB-B751-A7F37CD1E5CF}.Debug|Any CPU.ActiveCfg = Debug|Any CPU
		{2D0F5684-58CC-4EEB-B751-A7F37CD1E5CF}.Debug|Any CPU.Build.0 = Debug|Any CPU
		{2D0F5684-58CC-4EEB-B751-A7F37CD1E5CF}.Release|Any CPU.ActiveCfg = Release|Any CPU
		{2D0F5684-58CC-4EEB-B751-A7F37CD1E5CF}.Release|Any CPU.Build.0 = Release|Any CPU
		{AAB4C0FC-10F5-43BF-95B1-70CF9652AA12}.Debug|Any CPU.ActiveCfg = Debug|Any CPU
		{AAB4C0FC-10F5-43BF-95B1-70CF9652AA12}.Debug|Any CPU.Build.0 = Debug|Any CPU
		{AAB4C0FC-10F5-43BF-95B1-70CF9652AA12}.Release|Any CPU.ActiveCfg = Release|Any CPU
		{AAB4C0FC-10F5-43BF-95B1-70CF9652AA12}.Release|Any CPU.Build.0 = Release|Any CPU
		{4FD69ECD-DFB2-409D-90D3-4C6D0B9B3D0B}.Debug|Any CPU.ActiveCfg = Debug|Any CPU
		{4FD69ECD-DFB2-409D-90D3-4C6D0B9B3D0B}.Debug|Any CPU.Build.0 = Debug|Any CPU
		{4FD69ECD-DFB2-409D-90D3-4C6D0B9B3D0B}.Release|Any CPU.ActiveCfg = Release|Any CPU
		{4FD69ECD-DFB2-409D-90D3-4C6D0B9B3D0B}.Release|Any CPU.Build.0 = Release|Any CPU
		{86394E5B-50E5-4317-857B-458D659CC945}.Debug|Any CPU.ActiveCfg = Debug|Any CPU
		{86394E5B-50E5-4317-857B-458D659CC945}.Debug|Any CPU.Build.0 = Debug|Any CPU
		{86394E5B-50E5-4317-857B-458D659CC945}.Release|Any CPU.ActiveCfg = Release|Any CPU
		{86394E5B-50E5-4317-857B-458D659CC945}.Release|Any CPU.Build.0 = Release|Any CPU
		{336E76EB-D9EF-4B59-BDFE-05E15D7B3908}.Debug|Any CPU.ActiveCfg = Debug|Any CPU
		{336E76EB-D9EF-4B59-BDFE-05E15D7B3908}.Debug|Any CPU.Build.0 = Debug|Any CPU
		{336E76EB-D9EF-4B59-BDFE-05E15D7B3908}.Release|Any CPU.ActiveCfg = Release|Any CPU
		{336E76EB-D9EF-4B59-BDFE-05E15D7B3908}.Release|Any CPU.Build.0 = Release|Any CPU
		{0BA20011-7A71-4418-9BA2-BA1DF148377C}.Debug|Any CPU.ActiveCfg = Debug|Any CPU
		{0BA20011-7A71-4418-9BA2-BA1DF148377C}.Debug|Any CPU.Build.0 = Debug|Any CPU
		{0BA20011-7A71-4418-9BA2-BA1DF148377C}.Release|Any CPU.ActiveCfg = Release|Any CPU
		{0BA20011-7A71-4418-9BA2-BA1DF148377C}.Release|Any CPU.Build.0 = Release|Any CPU
		{B911E499-E367-4F92-B13C-E12D367B0A99}.Debug|Any CPU.ActiveCfg = Debug|Any CPU
		{B911E499-E367-4F92-B13C-E12D367B0A99}.Debug|Any CPU.Build.0 = Debug|Any CPU
		{B911E499-E367-4F92-B13C-E12D367B0A99}.Release|Any CPU.ActiveCfg = Release|Any CPU
		{B911E499-E367-4F92-B13C-E12D367B0A99}.Release|Any CPU.Build.0 = Release|Any CPU
		{079443E8-55EC-4F19-BA54-BF196A8E2651}.Debug|Any CPU.ActiveCfg = Debug|Any CPU
		{079443E8-55EC-4F19-BA54-BF196A8E2651}.Debug|Any CPU.Build.0 = Debug|Any CPU
		{079443E8-55EC-4F19-BA54-BF196A8E2651}.Release|Any CPU.ActiveCfg = Release|Any CPU
		{079443E8-55EC-4F19-BA54-BF196A8E2651}.Release|Any CPU.Build.0 = Release|Any CPU
		{88522233-54A1-4296-9BED-25FD4150793F}.Debug|Any CPU.ActiveCfg = Debug|Any CPU
		{88522233-54A1-4296-9BED-25FD4150793F}.Debug|Any CPU.Build.0 = Debug|Any CPU
		{88522233-54A1-4296-9BED-25FD4150793F}.Release|Any CPU.ActiveCfg = Release|Any CPU
		{88522233-54A1-4296-9BED-25FD4150793F}.Release|Any CPU.Build.0 = Release|Any CPU
		{2182157A-9400-494C-8A0B-F4AA51616099}.Debug|Any CPU.ActiveCfg = Debug|Any CPU
		{2182157A-9400-494C-8A0B-F4AA51616099}.Debug|Any CPU.Build.0 = Debug|Any CPU
		{2182157A-9400-494C-8A0B-F4AA51616099}.Release|Any CPU.ActiveCfg = Release|Any CPU
		{2182157A-9400-494C-8A0B-F4AA51616099}.Release|Any CPU.Build.0 = Release|Any CPU
		{E895E54C-1494-4C29-A366-3D106AA941C0}.Debug|Any CPU.ActiveCfg = Debug|Any CPU
		{E895E54C-1494-4C29-A366-3D106AA941C0}.Debug|Any CPU.Build.0 = Debug|Any CPU
		{E895E54C-1494-4C29-A366-3D106AA941C0}.Release|Any CPU.ActiveCfg = Release|Any CPU
		{E895E54C-1494-4C29-A366-3D106AA941C0}.Release|Any CPU.Build.0 = Release|Any CPU
		{0F467726-6F38-46AF-B7EE-34E29AF78B3A}.Debug|Any CPU.ActiveCfg = Debug|Any CPU
		{0F467726-6F38-46AF-B7EE-34E29AF78B3A}.Debug|Any CPU.Build.0 = Debug|Any CPU
		{0F467726-6F38-46AF-B7EE-34E29AF78B3A}.Release|Any CPU.ActiveCfg = Release|Any CPU
		{0F467726-6F38-46AF-B7EE-34E29AF78B3A}.Release|Any CPU.Build.0 = Release|Any CPU
		{81F414FF-BEC2-4FB3-B026-59897F9B80D1}.Debug|Any CPU.ActiveCfg = Debug|Any CPU
		{81F414FF-BEC2-4FB3-B026-59897F9B80D1}.Debug|Any CPU.Build.0 = Debug|Any CPU
		{81F414FF-BEC2-4FB3-B026-59897F9B80D1}.Release|Any CPU.ActiveCfg = Release|Any CPU
		{81F414FF-BEC2-4FB3-B026-59897F9B80D1}.Release|Any CPU.Build.0 = Release|Any CPU
		{19735670-7C92-4D1E-9767-905F5D00CD4C}.Debug|Any CPU.ActiveCfg = Debug|Any CPU
		{19735670-7C92-4D1E-9767-905F5D00CD4C}.Debug|Any CPU.Build.0 = Debug|Any CPU
		{19735670-7C92-4D1E-9767-905F5D00CD4C}.Release|Any CPU.ActiveCfg = Release|Any CPU
		{19735670-7C92-4D1E-9767-905F5D00CD4C}.Release|Any CPU.Build.0 = Release|Any CPU
		{E124A049-E5D3-4400-974F-599B1A4B0978}.Debug|Any CPU.ActiveCfg = Debug|Any CPU
		{E124A049-E5D3-4400-974F-599B1A4B0978}.Debug|Any CPU.Build.0 = Debug|Any CPU
		{E124A049-E5D3-4400-974F-599B1A4B0978}.Release|Any CPU.ActiveCfg = Release|Any CPU
		{E124A049-E5D3-4400-974F-599B1A4B0978}.Release|Any CPU.Build.0 = Release|Any CPU
		{68C66B28-EAAC-458E-BE14-7A892C87160D}.Debug|Any CPU.ActiveCfg = Debug|Any CPU
		{68C66B28-EAAC-458E-BE14-7A892C87160D}.Debug|Any CPU.Build.0 = Debug|Any CPU
		{68C66B28-EAAC-458E-BE14-7A892C87160D}.Release|Any CPU.ActiveCfg = Release|Any CPU
		{68C66B28-EAAC-458E-BE14-7A892C87160D}.Release|Any CPU.Build.0 = Release|Any CPU
		{F8FE9371-B1C4-4E09-A5FC-97D79BE15E57}.Debug|Any CPU.ActiveCfg = Debug|Any CPU
		{F8FE9371-B1C4-4E09-A5FC-97D79BE15E57}.Debug|Any CPU.Build.0 = Debug|Any CPU
		{F8FE9371-B1C4-4E09-A5FC-97D79BE15E57}.Release|Any CPU.ActiveCfg = Release|Any CPU
		{F8FE9371-B1C4-4E09-A5FC-97D79BE15E57}.Release|Any CPU.Build.0 = Release|Any CPU
		{9A4D1CA2-E4BB-40A9-9FAE-8F304B5266CA}.Debug|Any CPU.ActiveCfg = Debug|Any CPU
		{9A4D1CA2-E4BB-40A9-9FAE-8F304B5266CA}.Debug|Any CPU.Build.0 = Debug|Any CPU
		{9A4D1CA2-E4BB-40A9-9FAE-8F304B5266CA}.Release|Any CPU.ActiveCfg = Release|Any CPU
		{9A4D1CA2-E4BB-40A9-9FAE-8F304B5266CA}.Release|Any CPU.Build.0 = Release|Any CPU
		{17A4BC06-F6A9-40EC-8A8C-D2C5AB3858CB}.Debug|Any CPU.ActiveCfg = Debug|Any CPU
		{17A4BC06-F6A9-40EC-8A8C-D2C5AB3858CB}.Debug|Any CPU.Build.0 = Debug|Any CPU
		{17A4BC06-F6A9-40EC-8A8C-D2C5AB3858CB}.Release|Any CPU.ActiveCfg = Release|Any CPU
		{17A4BC06-F6A9-40EC-8A8C-D2C5AB3858CB}.Release|Any CPU.Build.0 = Release|Any CPU
		{427A8829-BF39-4E0A-B5BE-99A0E3DFD79B}.Debug|Any CPU.ActiveCfg = Debug|Any CPU
		{427A8829-BF39-4E0A-B5BE-99A0E3DFD79B}.Debug|Any CPU.Build.0 = Debug|Any CPU
		{427A8829-BF39-4E0A-B5BE-99A0E3DFD79B}.Release|Any CPU.ActiveCfg = Release|Any CPU
		{427A8829-BF39-4E0A-B5BE-99A0E3DFD79B}.Release|Any CPU.Build.0 = Release|Any CPU
		{2FA061C3-7DAA-4827-A779-9473A46C5EB7}.Debug|Any CPU.ActiveCfg = Debug|Any CPU
		{2FA061C3-7DAA-4827-A779-9473A46C5EB7}.Debug|Any CPU.Build.0 = Debug|Any CPU
		{2FA061C3-7DAA-4827-A779-9473A46C5EB7}.Release|Any CPU.ActiveCfg = Release|Any CPU
		{2FA061C3-7DAA-4827-A779-9473A46C5EB7}.Release|Any CPU.Build.0 = Release|Any CPU
		{A9999C0F-CFA8-4C4A-836F-FDEB19032858}.Debug|Any CPU.ActiveCfg = Debug|Any CPU
		{A9999C0F-CFA8-4C4A-836F-FDEB19032858}.Debug|Any CPU.Build.0 = Debug|Any CPU
		{A9999C0F-CFA8-4C4A-836F-FDEB19032858}.Release|Any CPU.ActiveCfg = Release|Any CPU
		{A9999C0F-CFA8-4C4A-836F-FDEB19032858}.Release|Any CPU.Build.0 = Release|Any CPU
		{215443C5-2260-4EB6-9548-F0A8DEDC57BC}.Debug|Any CPU.ActiveCfg = Debug|Any CPU
		{215443C5-2260-4EB6-9548-F0A8DEDC57BC}.Debug|Any CPU.Build.0 = Debug|Any CPU
		{215443C5-2260-4EB6-9548-F0A8DEDC57BC}.Release|Any CPU.ActiveCfg = Release|Any CPU
		{215443C5-2260-4EB6-9548-F0A8DEDC57BC}.Release|Any CPU.Build.0 = Release|Any CPU
		{CADEF834-8C14-4FA6-96A6-77D71A38AE11}.Debug|Any CPU.ActiveCfg = Debug|Any CPU
		{CADEF834-8C14-4FA6-96A6-77D71A38AE11}.Debug|Any CPU.Build.0 = Debug|Any CPU
		{CADEF834-8C14-4FA6-96A6-77D71A38AE11}.Release|Any CPU.ActiveCfg = Release|Any CPU
		{CADEF834-8C14-4FA6-96A6-77D71A38AE11}.Release|Any CPU.Build.0 = Release|Any CPU
		{4D8A655E-F3B9-45DA-B06D-66F3E62FF0C8}.Debug|Any CPU.ActiveCfg = Debug|Any CPU
		{4D8A655E-F3B9-45DA-B06D-66F3E62FF0C8}.Debug|Any CPU.Build.0 = Debug|Any CPU
		{4D8A655E-F3B9-45DA-B06D-66F3E62FF0C8}.Release|Any CPU.ActiveCfg = Release|Any CPU
		{4D8A655E-F3B9-45DA-B06D-66F3E62FF0C8}.Release|Any CPU.Build.0 = Release|Any CPU
		{56377A34-8380-466A-8CD1-4883AA95D40B}.Debug|Any CPU.ActiveCfg = Debug|Any CPU
		{56377A34-8380-466A-8CD1-4883AA95D40B}.Debug|Any CPU.Build.0 = Debug|Any CPU
		{56377A34-8380-466A-8CD1-4883AA95D40B}.Release|Any CPU.ActiveCfg = Release|Any CPU
		{56377A34-8380-466A-8CD1-4883AA95D40B}.Release|Any CPU.Build.0 = Release|Any CPU
		{0661DC25-DC96-4105-B3BE-A9F400611442}.Debug|Any CPU.ActiveCfg = Debug|Any CPU
		{0661DC25-DC96-4105-B3BE-A9F400611442}.Debug|Any CPU.Build.0 = Debug|Any CPU
		{0661DC25-DC96-4105-B3BE-A9F400611442}.Release|Any CPU.ActiveCfg = Release|Any CPU
		{0661DC25-DC96-4105-B3BE-A9F400611442}.Release|Any CPU.Build.0 = Release|Any CPU
		{2216F7A3-D6B0-4055-9834-E843758F7F00}.Debug|Any CPU.ActiveCfg = Debug|Any CPU
		{2216F7A3-D6B0-4055-9834-E843758F7F00}.Debug|Any CPU.Build.0 = Debug|Any CPU
		{2216F7A3-D6B0-4055-9834-E843758F7F00}.Release|Any CPU.ActiveCfg = Release|Any CPU
		{2216F7A3-D6B0-4055-9834-E843758F7F00}.Release|Any CPU.Build.0 = Release|Any CPU
		{EAF3E0FD-8274-4F84-9A37-7E4B7F5790AB}.Debug|Any CPU.ActiveCfg = Debug|Any CPU
		{EAF3E0FD-8274-4F84-9A37-7E4B7F5790AB}.Debug|Any CPU.Build.0 = Debug|Any CPU
		{EAF3E0FD-8274-4F84-9A37-7E4B7F5790AB}.Release|Any CPU.ActiveCfg = Release|Any CPU
		{EAF3E0FD-8274-4F84-9A37-7E4B7F5790AB}.Release|Any CPU.Build.0 = Release|Any CPU
		{F1DAE701-20E1-4ADD-B8A2-AB46B1DCEAF0}.Debug|Any CPU.ActiveCfg = Debug|Any CPU
		{F1DAE701-20E1-4ADD-B8A2-AB46B1DCEAF0}.Debug|Any CPU.Build.0 = Debug|Any CPU
		{F1DAE701-20E1-4ADD-B8A2-AB46B1DCEAF0}.Release|Any CPU.ActiveCfg = Release|Any CPU
		{F1DAE701-20E1-4ADD-B8A2-AB46B1DCEAF0}.Release|Any CPU.Build.0 = Release|Any CPU
		{482A0769-0014-4171-8F67-39E3BCBC53B3}.Debug|Any CPU.ActiveCfg = Debug|Any CPU
		{482A0769-0014-4171-8F67-39E3BCBC53B3}.Debug|Any CPU.Build.0 = Debug|Any CPU
		{482A0769-0014-4171-8F67-39E3BCBC53B3}.Release|Any CPU.ActiveCfg = Release|Any CPU
		{482A0769-0014-4171-8F67-39E3BCBC53B3}.Release|Any CPU.Build.0 = Release|Any CPU
		{B02AC544-F12B-40FC-91D5-A5CC1DA4D940}.Debug|Any CPU.ActiveCfg = Debug|Any CPU
		{B02AC544-F12B-40FC-91D5-A5CC1DA4D940}.Debug|Any CPU.Build.0 = Debug|Any CPU
		{B02AC544-F12B-40FC-91D5-A5CC1DA4D940}.Release|Any CPU.ActiveCfg = Release|Any CPU
		{B02AC544-F12B-40FC-91D5-A5CC1DA4D940}.Release|Any CPU.Build.0 = Release|Any CPU
		{F3DB43C3-28E2-4344-AB93-01FCCEAB6181}.Debug|Any CPU.ActiveCfg = Debug|Any CPU
		{F3DB43C3-28E2-4344-AB93-01FCCEAB6181}.Debug|Any CPU.Build.0 = Debug|Any CPU
		{F3DB43C3-28E2-4344-AB93-01FCCEAB6181}.Release|Any CPU.ActiveCfg = Release|Any CPU
		{F3DB43C3-28E2-4344-AB93-01FCCEAB6181}.Release|Any CPU.Build.0 = Release|Any CPU
		{BCF2A2B9-1B7B-4B95-92C9-DFD3FBCD747B}.Debug|Any CPU.ActiveCfg = Debug|Any CPU
		{BCF2A2B9-1B7B-4B95-92C9-DFD3FBCD747B}.Debug|Any CPU.Build.0 = Debug|Any CPU
		{BCF2A2B9-1B7B-4B95-92C9-DFD3FBCD747B}.Release|Any CPU.ActiveCfg = Release|Any CPU
		{BCF2A2B9-1B7B-4B95-92C9-DFD3FBCD747B}.Release|Any CPU.Build.0 = Release|Any CPU
		{0C1FEBF4-DA20-4051-AC9F-7A02D0161B21}.Debug|Any CPU.ActiveCfg = Debug|Any CPU
		{0C1FEBF4-DA20-4051-AC9F-7A02D0161B21}.Debug|Any CPU.Build.0 = Debug|Any CPU
		{0C1FEBF4-DA20-4051-AC9F-7A02D0161B21}.Release|Any CPU.ActiveCfg = Release|Any CPU
		{0C1FEBF4-DA20-4051-AC9F-7A02D0161B21}.Release|Any CPU.Build.0 = Release|Any CPU
		{8CBEA99C-63DC-4F47-984B-0D98145716E0}.Debug|Any CPU.ActiveCfg = Debug|Any CPU
		{8CBEA99C-63DC-4F47-984B-0D98145716E0}.Debug|Any CPU.Build.0 = Debug|Any CPU
		{8CBEA99C-63DC-4F47-984B-0D98145716E0}.Release|Any CPU.ActiveCfg = Release|Any CPU
		{8CBEA99C-63DC-4F47-984B-0D98145716E0}.Release|Any CPU.Build.0 = Release|Any CPU
		{9FE6F9CC-723D-4B6A-BEFD-0898AD15B90E}.Debug|Any CPU.ActiveCfg = Debug|Any CPU
		{9FE6F9CC-723D-4B6A-BEFD-0898AD15B90E}.Debug|Any CPU.Build.0 = Debug|Any CPU
		{9FE6F9CC-723D-4B6A-BEFD-0898AD15B90E}.Release|Any CPU.ActiveCfg = Release|Any CPU
		{9FE6F9CC-723D-4B6A-BEFD-0898AD15B90E}.Release|Any CPU.Build.0 = Release|Any CPU
		{B78EA048-F6B9-40E1-A1DE-BDA16F9613B2}.Debug|Any CPU.ActiveCfg = Debug|Any CPU
		{B78EA048-F6B9-40E1-A1DE-BDA16F9613B2}.Debug|Any CPU.Build.0 = Debug|Any CPU
		{B78EA048-F6B9-40E1-A1DE-BDA16F9613B2}.Release|Any CPU.ActiveCfg = Release|Any CPU
		{B78EA048-F6B9-40E1-A1DE-BDA16F9613B2}.Release|Any CPU.Build.0 = Release|Any CPU
		{44E8BF2A-C17C-460D-A60B-E9244F143D41}.Debug|Any CPU.ActiveCfg = Debug|Any CPU
		{44E8BF2A-C17C-460D-A60B-E9244F143D41}.Debug|Any CPU.Build.0 = Debug|Any CPU
		{44E8BF2A-C17C-460D-A60B-E9244F143D41}.Release|Any CPU.ActiveCfg = Release|Any CPU
		{44E8BF2A-C17C-460D-A60B-E9244F143D41}.Release|Any CPU.Build.0 = Release|Any CPU
		{232BDE93-4421-43E5-8363-26070C257751}.Debug|Any CPU.ActiveCfg = Debug|Any CPU
		{232BDE93-4421-43E5-8363-26070C257751}.Debug|Any CPU.Build.0 = Debug|Any CPU
		{232BDE93-4421-43E5-8363-26070C257751}.Release|Any CPU.ActiveCfg = Release|Any CPU
		{232BDE93-4421-43E5-8363-26070C257751}.Release|Any CPU.Build.0 = Release|Any CPU
		{902A33B4-8A2F-431F-BC65-6683F74DA522}.Debug|Any CPU.ActiveCfg = Debug|Any CPU
		{902A33B4-8A2F-431F-BC65-6683F74DA522}.Debug|Any CPU.Build.0 = Debug|Any CPU
		{902A33B4-8A2F-431F-BC65-6683F74DA522}.Release|Any CPU.ActiveCfg = Release|Any CPU
		{902A33B4-8A2F-431F-BC65-6683F74DA522}.Release|Any CPU.Build.0 = Release|Any CPU
	EndGlobalSection
	GlobalSection(SolutionProperties) = preSolution
		HideSolutionNode = FALSE
	EndGlobalSection
	GlobalSection(NestedProjects) = preSolution
		{AFBEB52F-470C-4171-866F-4E862C625DC9} = {D25D63D4-1233-420B-8A60-2668CC6589F0}
		{265FAFA9-5132-4E66-8DCE-7AC2F40E0E73} = {D25D63D4-1233-420B-8A60-2668CC6589F0}
		{F1241A35-1104-48D4-BD42-C8A67AB673C1} = {D25D63D4-1233-420B-8A60-2668CC6589F0}
		{3B2727B8-0F21-4806-8B01-C27FD3DD71C0} = {D25D63D4-1233-420B-8A60-2668CC6589F0}
		{8EF6A7BA-E7CF-4FB7-A180-C17ACD8D6615} = {D25D63D4-1233-420B-8A60-2668CC6589F0}
		{2D0F5684-58CC-4EEB-B751-A7F37CD1E5CF} = {D25D63D4-1233-420B-8A60-2668CC6589F0}
		{AAB4C0FC-10F5-43BF-95B1-70CF9652AA12} = {4078F420-B6CD-440C-B336-4DCCE70F255A}
		{4FD69ECD-DFB2-409D-90D3-4C6D0B9B3D0B} = {4078F420-B6CD-440C-B336-4DCCE70F255A}
		{86394E5B-50E5-4317-857B-458D659CC945} = {4078F420-B6CD-440C-B336-4DCCE70F255A}
		{336E76EB-D9EF-4B59-BDFE-05E15D7B3908} = {4078F420-B6CD-440C-B336-4DCCE70F255A}
		{0BA20011-7A71-4418-9BA2-BA1DF148377C} = {4078F420-B6CD-440C-B336-4DCCE70F255A}
		{B911E499-E367-4F92-B13C-E12D367B0A99} = {12590663-01B7-4CEA-AD30-1D86FA01BCEC}
		{079443E8-55EC-4F19-BA54-BF196A8E2651} = {29791D3F-F0E7-405B-8F13-B082DCE348DC}
		{88522233-54A1-4296-9BED-25FD4150793F} = {29791D3F-F0E7-405B-8F13-B082DCE348DC}
		{2182157A-9400-494C-8A0B-F4AA51616099} = {29791D3F-F0E7-405B-8F13-B082DCE348DC}
		{E895E54C-1494-4C29-A366-3D106AA941C0} = {6C8440C2-2D95-44D7-AA38-8D0CA428983B}
		{0F467726-6F38-46AF-B7EE-34E29AF78B3A} = {6C8440C2-2D95-44D7-AA38-8D0CA428983B}
		{81F414FF-BEC2-4FB3-B026-59897F9B80D1} = {6C8440C2-2D95-44D7-AA38-8D0CA428983B}
		{19735670-7C92-4D1E-9767-905F5D00CD4C} = {6C8440C2-2D95-44D7-AA38-8D0CA428983B}
		{E124A049-E5D3-4400-974F-599B1A4B0978} = {DA6ACF91-97B7-4059-AD10-2211A6F4B90E}
		{68C66B28-EAAC-458E-BE14-7A892C87160D} = {DA6ACF91-97B7-4059-AD10-2211A6F4B90E}
		{F8FE9371-B1C4-4E09-A5FC-97D79BE15E57} = {DA6ACF91-97B7-4059-AD10-2211A6F4B90E}
		{9A4D1CA2-E4BB-40A9-9FAE-8F304B5266CA} = {DA6ACF91-97B7-4059-AD10-2211A6F4B90E}
		{17A4BC06-F6A9-40EC-8A8C-D2C5AB3858CB} = {2B5328A4-1336-4219-AEB3-A376A275896D}
		{427A8829-BF39-4E0A-B5BE-99A0E3DFD79B} = {2B5328A4-1336-4219-AEB3-A376A275896D}
		{2FA061C3-7DAA-4827-A779-9473A46C5EB7} = {A5205FDA-3CED-495E-BAC1-86C1A928FEA0}
		{A9999C0F-CFA8-4C4A-836F-FDEB19032858} = {A5205FDA-3CED-495E-BAC1-86C1A928FEA0}
		{215443C5-2260-4EB6-9548-F0A8DEDC57BC} = {A5205FDA-3CED-495E-BAC1-86C1A928FEA0}
		{CADEF834-8C14-4FA6-96A6-77D71A38AE11} = {A5205FDA-3CED-495E-BAC1-86C1A928FEA0}
		{4D8A655E-F3B9-45DA-B06D-66F3E62FF0C8} = {A5205FDA-3CED-495E-BAC1-86C1A928FEA0}
		{56377A34-8380-466A-8CD1-4883AA95D40B} = {A5205FDA-3CED-495E-BAC1-86C1A928FEA0}
		{0661DC25-DC96-4105-B3BE-A9F400611442} = {3364CE32-EAD7-4F27-8286-70E76E6BDC0D}
		{2216F7A3-D6B0-4055-9834-E843758F7F00} = {3364CE32-EAD7-4F27-8286-70E76E6BDC0D}
		{EAF3E0FD-8274-4F84-9A37-7E4B7F5790AB} = {25E5FE24-D5E1-4639-8E89-AEB07B51463B}
		{F1DAE701-20E1-4ADD-B8A2-AB46B1DCEAF0} = {25E5FE24-D5E1-4639-8E89-AEB07B51463B}
		{482A0769-0014-4171-8F67-39E3BCBC53B3} = {25E5FE24-D5E1-4639-8E89-AEB07B51463B}
		{B02AC544-F12B-40FC-91D5-A5CC1DA4D940} = {25E5FE24-D5E1-4639-8E89-AEB07B51463B}
		{F3DB43C3-28E2-4344-AB93-01FCCEAB6181} = {25E5FE24-D5E1-4639-8E89-AEB07B51463B}
		{BCF2A2B9-1B7B-4B95-92C9-DFD3FBCD747B} = {25E5FE24-D5E1-4639-8E89-AEB07B51463B}
		{0C1FEBF4-DA20-4051-AC9F-7A02D0161B21} = {25E5FE24-D5E1-4639-8E89-AEB07B51463B}
		{8CBEA99C-63DC-4F47-984B-0D98145716E0} = {25E5FE24-D5E1-4639-8E89-AEB07B51463B}
		{9FE6F9CC-723D-4B6A-BEFD-0898AD15B90E} = {9760BF34-2EAA-4ECB-9CB1-D0A3E6F38025}
		{B78EA048-F6B9-40E1-A1DE-BDA16F9613B2} = {22A8FD83-B044-4696-8717-5F8827397CD6}
		{44E8BF2A-C17C-460D-A60B-E9244F143D41} = {22A8FD83-B044-4696-8717-5F8827397CD6}
		{232BDE93-4421-43E5-8363-26070C257751} = {128E6B11-208B-42B0-BF8E-E55194493051}
		{902A33B4-8A2F-431F-BC65-6683F74DA522} = {128E6B11-208B-42B0-BF8E-E55194493051}
	EndGlobalSection
	GlobalSection(ExtensibilityGlobals) = postSolution
		SolutionGuid = {A3B445EE-9651-42E5-BCE6-1443CF1729F5}
	EndGlobalSection
EndGlobal
